// !$*UTF8*$!
{
	archiveVersion = 1;
	classes = {
	};
	objectVersion = 46;
	objects = {

/* Begin PBXBuildFile section */
		504A05151B4283D8007B54B3 /* main.m in Sources */ = {isa = PBXBuildFile; fileRef = 504A05141B4283D8007B54B3 /* main.m */; };
		504A05181B4283D8007B54B3 /* AppDelegate.m in Sources */ = {isa = PBXBuildFile; fileRef = 504A05171B4283D8007B54B3 /* AppDelegate.m */; };
		504A05201B4283D8007B54B3 /* Images.xcassets in Resources */ = {isa = PBXBuildFile; fileRef = 504A051F1B4283D8007B54B3 /* Images.xcassets */; };
		504A052F1B4283D8007B54B3 /* _1_1_BlockDemoTests.m in Sources */ = {isa = PBXBuildFile; fileRef = 504A052E1B4283D8007B54B3 /* _1_1_BlockDemoTests.m */; };
		504A053A1B428499007B54B3 /* MainViewController.m in Sources */ = {isa = PBXBuildFile; fileRef = 504A05391B428499007B54B3 /* MainViewController.m */; };
/* End PBXBuildFile section */

/* Begin PBXContainerItemProxy section */
		504A05291B4283D8007B54B3 /* PBXContainerItemProxy */ = {
			isa = PBXContainerItemProxy;
			containerPortal = 504A05071B4283D8007B54B3 /* Project object */;
			proxyType = 1;
			remoteGlobalIDString = 504A050E1B4283D8007B54B3;
			remoteInfo = "11.1 BlockDemo";
		};
/* End PBXContainerItemProxy section */

/* Begin PBXFileReference section */
		504A050F1B4283D8007B54B3 /* 11.1 BlockDemo.app */ = {isa = PBXFileReference; explicitFileType = wrapper.application; includeInIndex = 0; path = "11.1 BlockDemo.app"; sourceTree = BUILT_PRODUCTS_DIR; };
		504A05131B4283D8007B54B3 /* Info.plist */ = {isa = PBXFileReference; lastKnownFileType = text.plist.xml; path = Info.plist; sourceTree = "<group>"; };
		504A05141B4283D8007B54B3 /* main.m */ = {isa = PBXFileReference; lastKnownFileType = sourcecode.c.objc; path = main.m; sourceTree = "<group>"; };
		504A05161B4283D8007B54B3 /* AppDelegate.h */ = {isa = PBXFileReference; lastKnownFileType = sourcecode.c.h; path = AppDelegate.h; sourceTree = "<group>"; };
		504A05171B4283D8007B54B3 /* AppDelegate.m */ = {isa = PBXFileReference; lastKnownFileType = sourcecode.c.objc; path = AppDelegate.m; sourceTree = "<group>"; };
		504A051F1B4283D8007B54B3 /* Images.xcassets */ = {isa = PBXFileReference; lastKnownFileType = folder.assetcatalog; path = Images.xcassets; sourceTree = "<group>"; };
		504A05281B4283D8007B54B3 /* 11.1 BlockDemoTests.xctest */ = {isa = PBXFileReference; explicitFileType = wrapper.cfbundle; includeInIndex = 0; path = "11.1 BlockDemoTests.xctest"; sourceTree = BUILT_PRODUCTS_DIR; };
		504A052D1B4283D8007B54B3 /* Info.plist */ = {isa = PBXFileReference; lastKnownFileType = text.plist.xml; path = Info.plist; sourceTree = "<group>"; };
		504A052E1B4283D8007B54B3 /* _1_1_BlockDemoTests.m */ = {isa = PBXFileReference; lastKnownFileType = sourcecode.c.objc; path = _1_1_BlockDemoTests.m; sourceTree = "<group>"; };
		504A05381B428499007B54B3 /* MainViewController.h */ = {isa = PBXFileReference; fileEncoding = 4; lastKnownFileType = sourcecode.c.h; path = MainViewController.h; sourceTree = "<group>"; };
		504A05391B428499007B54B3 /* MainViewController.m */ = {isa = PBXFileReference; fileEncoding = 4; lastKnownFileType = sourcecode.c.objc; path = MainViewController.m; sourceTree = "<group>"; };
/* End PBXFileReference section */

/* Begin PBXFrameworksBuildPhase section */
		504A050C1B4283D8007B54B3 /* Frameworks */ = {
			isa = PBXFrameworksBuildPhase;
			buildActionMask = 2147483647;
			files = (
			);
			runOnlyForDeploymentPostprocessing = 0;
		};
		504A05251B4283D8007B54B3 /* Frameworks */ = {
			isa = PBXFrameworksBuildPhase;
			buildActionMask = 2147483647;
			files = (
			);
			runOnlyForDeploymentPostprocessing = 0;
		};
/* End PBXFrameworksBuildPhase section */

/* Begin PBXGroup section */
		504A05061B4283D8007B54B3 = {
			isa = PBXGroup;
			children = (
				504A05111B4283D8007B54B3 /* 11.1 BlockDemo */,
				504A052B1B4283D8007B54B3 /* 11.1 BlockDemoTests */,
				504A05101B4283D8007B54B3 /* Products */,
			);
			sourceTree = "<group>";
		};
		504A05101B4283D8007B54B3 /* Products */ = {
			isa = PBXGroup;
			children = (
				504A050F1B4283D8007B54B3 /* 11.1 BlockDemo.app */,
				504A05281B4283D8007B54B3 /* 11.1 BlockDemoTests.xctest */,
			);
			name = Products;
			sourceTree = "<group>";
		};
		504A05111B4283D8007B54B3 /* 11.1 BlockDemo */ = {
			isa = PBXGroup;
			children = (
				504A05161B4283D8007B54B3 /* AppDelegate.h */,
				504A05171B4283D8007B54B3 /* AppDelegate.m */,
				504A05381B428499007B54B3 /* MainViewController.h */,
				504A05391B428499007B54B3 /* MainViewController.m */,
				504A051F1B4283D8007B54B3 /* Images.xcassets */,
				504A05121B4283D8007B54B3 /* Supporting Files */,
			);
			path = "11.1 BlockDemo";
			sourceTree = "<group>";
		};
		504A05121B4283D8007B54B3 /* Supporting Files */ = {
			isa = PBXGroup;
			children = (
				504A05131B4283D8007B54B3 /* Info.plist */,
				504A05141B4283D8007B54B3 /* main.m */,
			);
			name = "Supporting Files";
			sourceTree = "<group>";
		};
		504A052B1B4283D8007B54B3 /* 11.1 BlockDemoTests */ = {
			isa = PBXGroup;
			children = (
				504A052E1B4283D8007B54B3 /* _1_1_BlockDemoTests.m */,
				504A052C1B4283D8007B54B3 /* Supporting Files */,
			);
			path = "11.1 BlockDemoTests";
			sourceTree = "<group>";
		};
		504A052C1B4283D8007B54B3 /* Supporting Files */ = {
			isa = PBXGroup;
			children = (
				504A052D1B4283D8007B54B3 /* Info.plist */,
			);
			name = "Supporting Files";
			sourceTree = "<group>";
		};
/* End PBXGroup section */

/* Begin PBXNativeTarget section */
		504A050E1B4283D8007B54B3 /* 11.1 BlockDemo */ = {
			isa = PBXNativeTarget;
			buildConfigurationList = 504A05321B4283D8007B54B3 /* Build configuration list for PBXNativeTarget "11.1 BlockDemo" */;
			buildPhases = (
				504A050B1B4283D8007B54B3 /* Sources */,
				504A050C1B4283D8007B54B3 /* Frameworks */,
				504A050D1B4283D8007B54B3 /* Resources */,
			);
			buildRules = (
			);
			dependencies = (
			);
			name = "11.1 BlockDemo";
			productName = "11.1 BlockDemo";
			productReference = 504A050F1B4283D8007B54B3 /* 11.1 BlockDemo.app */;
			productType = "com.apple.product-type.application";
		};
		504A05271B4283D8007B54B3 /* 11.1 BlockDemoTests */ = {
			isa = PBXNativeTarget;
			buildConfigurationList = 504A05351B4283D8007B54B3 /* Build configuration list for PBXNativeTarget "11.1 BlockDemoTests" */;
			buildPhases = (
				504A05241B4283D8007B54B3 /* Sources */,
				504A05251B4283D8007B54B3 /* Frameworks */,
				504A05261B4283D8007B54B3 /* Resources */,
			);
			buildRules = (
			);
			dependencies = (
				504A052A1B4283D8007B54B3 /* PBXTargetDependency */,
			);
			name = "11.1 BlockDemoTests";
			productName = "11.1 BlockDemoTests";
			productReference = 504A05281B4283D8007B54B3 /* 11.1 BlockDemoTests.xctest */;
			productType = "com.apple.product-type.bundle.unit-test";
		};
/* End PBXNativeTarget section */

/* Begin PBXProject section */
		504A05071B4283D8007B54B3 /* Project object */ = {
			isa = PBXProject;
			attributes = {
				LastUpgradeCheck = 0630;
				ORGANIZATIONNAME = wxiang1991;
				TargetAttributes = {
					504A050E1B4283D8007B54B3 = {
						CreatedOnToolsVersion = 6.3.2;
					};
					504A05271B4283D8007B54B3 = {
						CreatedOnToolsVersion = 6.3.2;
						TestTargetID = 504A050E1B4283D8007B54B3;
					};
				};
			};
			buildConfigurationList = 504A050A1B4283D8007B54B3 /* Build configuration list for PBXProject "11.1 BlockDemo" */;
			compatibilityVersion = "Xcode 3.2";
			developmentRegion = English;
			hasScannedForEncodings = 0;
			knownRegions = (
				en,
				Base,
			);
			mainGroup = 504A05061B4283D8007B54B3;
			productRefGroup = 504A05101B4283D8007B54B3 /* Products */;
			projectDirPath = "";
			projectRoot = "";
			targets = (
				504A050E1B4283D8007B54B3 /* 11.1 BlockDemo */,
				504A05271B4283D8007B54B3 /* 11.1 BlockDemoTests */,
			);
		};
/* End PBXProject section */

/* Begin PBXResourcesBuildPhase section */
		504A050D1B4283D8007B54B3 /* Resources */ = {
			isa = PBXResourcesBuildPhase;
			buildActionMask = 2147483647;
			files = (
				504A05201B4283D8007B54B3 /* Images.xcassets in Resources */,
			);
			runOnlyForDeploymentPostprocessing = 0;
		};
		504A05261B4283D8007B54B3 /* Resources */ = {
			isa = PBXResourcesBuildPhase;
			buildActionMask = 2147483647;
			files = (
			);
			runOnlyForDeploymentPostprocessing = 0;
		};
/* End PBXResourcesBuildPhase section */

/* Begin PBXSourcesBuildPhase section */
		504A050B1B4283D8007B54B3 /* Sources */ = {
			isa = PBXSourcesBuildPhase;
			buildActionMask = 2147483647;
			files = (
				504A05181B4283D8007B54B3 /* AppDelegate.m in Sources */,
				504A053A1B428499007B54B3 /* MainViewController.m in Sources */,
				504A05151B4283D8007B54B3 /* main.m in Sources */,
			);
			runOnlyForDeploymentPostprocessing = 0;
		};
		504A05241B4283D8007B54B3 /* Sources */ = {
			isa = PBXSourcesBuildPhase;
			buildActionMask = 2147483647;
			files = (
				504A052F1B4283D8007B54B3 /* _1_1_BlockDemoTests.m in Sources */,
			);
			runOnlyForDeploymentPostprocessing = 0;
		};
/* End PBXSourcesBuildPhase section */

/* Begin PBXTargetDependency section */
		504A052A1B4283D8007B54B3 /* PBXTargetDependency */ = {
			isa = PBXTargetDependency;
			target = 504A050E1B4283D8007B54B3 /* 11.1 BlockDemo */;
			targetProxy = 504A05291B4283D8007B54B3 /* PBXContainerItemProxy */;
		};
/* End PBXTargetDependency section */

/* Begin XCBuildConfiguration section */
		504A05301B4283D8007B54B3 /* Debug */ = {
			isa = XCBuildConfiguration;
			buildSettings = {
				ALWAYS_SEARCH_USER_PATHS = NO;
				CLANG_CXX_LANGUAGE_STANDARD = "gnu++0x";
				CLANG_CXX_LIBRARY = "libc++";
				CLANG_ENABLE_MODULES = YES;
				CLANG_ENABLE_OBJC_ARC = YES;
				CLANG_WARN_BOOL_CONVERSION = YES;
				CLANG_WARN_CONSTANT_CONVERSION = YES;
				CLANG_WARN_DIRECT_OBJC_ISA_USAGE = YES_ERROR;
				CLANG_WARN_EMPTY_BODY = YES;
				CLANG_WARN_ENUM_CONVERSION = YES;
				CLANG_WARN_INT_CONVERSION = YES;
				CLANG_WARN_OBJC_ROOT_CLASS = YES_ERROR;
				CLANG_WARN_UNREACHABLE_CODE = YES;
				CLANG_WARN__DUPLICATE_METHOD_MATCH = YES;
				"CODE_SIGN_IDENTITY[sdk=iphoneos*]" = "iPhone Developer";
				COPY_PHASE_STRIP = NO;
				DEBUG_INFORMATION_FORMAT = "dwarf-with-dsym";
				ENABLE_STRICT_OBJC_MSGSEND = YES;
				GCC_C_LANGUAGE_STANDARD = gnu99;
				GCC_DYNAMIC_NO_PIC = NO;
				GCC_NO_COMMON_BLOCKS = YES;
				GCC_OPTIMIZATION_LEVEL = 0;
				GCC_PREPROCESSOR_DEFINITIONS = (
					"DEBUG=1",
					"$(inherited)",
				);
				GCC_SYMBOLS_PRIVATE_EXTERN = NO;
				GCC_WARN_64_TO_32_BIT_CONVERSION = YES;
				GCC_WARN_ABOUT_RETURN_TYPE = YES_ERROR;
				GCC_WARN_UNDECLARED_SELECTOR = YES;
				GCC_WARN_UNINITIALIZED_AUTOS = YES_AGGRESSIVE;
				GCC_WARN_UNUSED_FUNCTION = YES;
				GCC_WARN_UNUSED_VARIABLE = YES;
				IPHONEOS_DEPLOYMENT_TARGET = 8.3;
				MTL_ENABLE_DEBUG_INFO = YES;
				ONLY_ACTIVE_ARCH = YES;
				SDKROOT = iphoneos;
			};
			name = Debug;
		};
		504A05311B4283D8007B54B3 /* Release */ = {
			isa = XCBuildConfiguration;
			buildSettings = {
				ALWAYS_SEARCH_USER_PATHS = NO;
				CLANG_CXX_LANGUAGE_STANDARD = "gnu++0x";
				CLANG_CXX_LIBRARY = "libc++";
				CLANG_ENABLE_MODULES = YES;
				CLANG_ENABLE_OBJC_ARC = YES;
				CLANG_WARN_BOOL_CONVERSION = YES;
				CLANG_WARN_CONSTANT_CONVERSION = YES;
				CLANG_WARN_DIRECT_OBJC_ISA_USAGE = YES_ERROR;
				CLANG_WARN_EMPTY_BODY = YES;
				CLANG_WARN_ENUM_CONVERSION = YES;
				CLANG_WARN_INT_CONVERSION = YES;
				CLANG_WARN_OBJC_ROOT_CLASS = YES_ERROR;
				CLANG_WARN_UNREACHABLE_CODE = YES;
				CLANG_WARN__DUPLICATE_METHOD_MATCH = YES;
				"CODE_SIGN_IDENTITY[sdk=iphoneos*]" = "iPhone Developer";
				COPY_PHASE_STRIP = NO;
				DEBUG_INFORMATION_FORMAT = "dwarf-with-dsym";
				ENABLE_NS_ASSERTIONS = NO;
				ENABLE_STRICT_OBJC_MSGSEND = YES;
				GCC_C_LANGUAGE_STANDARD = gnu99;
				GCC_NO_COMMON_BLOCKS = YES;
				GCC_WARN_64_TO_32_BIT_CONVERSION = YES;
				GCC_WARN_ABOUT_RETURN_TYPE = YES_ERROR;
				GCC_WARN_UNDECLARED_SELECTOR = YES;
				GCC_WARN_UNINITIALIZED_AUTOS = YES_AGGRESSIVE;
				GCC_WARN_UNUSED_FUNCTION = YES;
				GCC_WARN_UNUSED_VARIABLE = YES;
				IPHONEOS_DEPLOYMENT_TARGET = 8.3;
				MTL_ENABLE_DEBUG_INFO = NO;
				SDKROOT = iphoneos;
				VALIDATE_PRODUCT = YES;
			};
			name = Release;
		};
		504A05331B4283D8007B54B3 /* Debug */ = {
			isa = XCBuildConfiguration;
			buildSettings = {
				ASSETCATALOG_COMPILER_APPICON_NAME = AppIcon;
				INFOPLIST_FILE = "11.1 BlockDemo/Info.plist";
				LD_RUNPATH_SEARCH_PATHS = "$(inherited) @executable_path/Frameworks";
				PRODUCT_NAME = "$(TARGET_NAME)";
			};
			name = Debug;
		};
		504A05341B4283D8007B54B3 /* Release */ = {
			isa = XCBuildConfiguration;
			buildSettings = {
				ASSETCATALOG_COMPILER_APPICON_NAME = AppIcon;
				INFOPLIST_FILE = "11.1 BlockDemo/Info.plist";
				LD_RUNPATH_SEARCH_PATHS = "$(inherited) @executable_path/Frameworks";
				PRODUCT_NAME = "$(TARGET_NAME)";
			};
			name = Release;
		};
		504A05361B4283D8007B54B3 /* Debug */ = {
			isa = XCBuildConfiguration;
			buildSettings = {
				BUNDLE_LOADER = "$(TEST_HOST)";
				FRAMEWORK_SEARCH_PATHS = (
					"$(SDKROOT)/Developer/Library/Frameworks",
					"$(inherited)",
				);
				GCC_PREPROCESSOR_DEFINITIONS = (
					"DEBUG=1",
					"$(inherited)",
				);
				INFOPLIST_FILE = "11.1 BlockDemoTests/Info.plist";
				LD_RUNPATH_SEARCH_PATHS = "$(inherited) @executable_path/Frameworks @loader_path/Frameworks";
				PRODUCT_NAME = "$(TARGET_NAME)";
				TEST_HOST = "$(BUILT_PRODUCTS_DIR)/11.1 BlockDemo.app/11.1 BlockDemo";
			};
			name = Debug;
		};
		504A05371B4283D8007B54B3 /* Release */ = {
			isa = XCBuildConfiguration;
			buildSettings = {
				BUNDLE_LOADER = "$(TEST_HOST)";
				FRAMEWORK_SEARCH_PATHS = (
					"$(SDKROOT)/Developer/Library/Frameworks",
					"$(inherited)",
				);
				INFOPLIST_FILE = "11.1 BlockDemoTests/Info.plist";
				LD_RUNPATH_SEARCH_PATHS = "$(inherited) @executable_path/Frameworks @loader_path/Frameworks";
				PRODUCT_NAME = "$(TARGET_NAME)";
				TEST_HOST = "$(BUILT_PRODUCTS_DIR)/11.1 BlockDemo.app/11.1 BlockDemo";
			};
			name = Release;
		};
/* End XCBuildConfiguration section */

/* Begin XCConfigurationList section */
		504A050A1B4283D8007B54B3 /* Build configuration list for PBXProject "11.1 BlockDemo" */ = {
			isa = XCConfigurationList;
			buildConfigurations = (
				504A05301B4283D8007B54B3 /* Debug */,
				504A05311B4283D8007B54B3 /* Release */,
			);
			defaultConfigurationIsVisible = 0;
			defaultConfigurationName = Release;
		};
		504A05321B4283D8007B54B3 /* Build configuration list for PBXNativeTarget "11.1 BlockDemo" */ = {
			isa = XCConfigurationList;
			buildConfigurations = (
				504A05331B4283D8007B54B3 /* Debug */,
				504A05341B4283D8007B54B3 /* Release */,
			);
			defaultConfigurationIsVisible = 0;
		};
		504A05351B4283D8007B54B3 /* Build configuration list for PBXNativeTarget "11.1 BlockDemoTests" */ = {
			isa = XCConfigurationList;
			buildConfigurations = (
				504A05361B4283D8007B54B3 /* Debug */,
				504A05371B4283D8007B54B3 /* Release */,
			);
			defaultConfigurationIsVisible = 0;
		};
/* End XCConfigurationList section */
	};
	rootObject = 504A05071B4283D8007B54B3 /* Project object */;
}
