// !$*UTF8*$!
{
	archiveVersion = 1;
	classes = {
	};
	objectVersion = 46;
	objects = {

/* Begin PBXBuildFile section */
		507E04581BAD9736002EC223 /* main.m in Sources */ = {isa = PBXBuildFile; fileRef = 507E04571BAD9736002EC223 /* main.m */; };
		507E04621BAD975E002EC223 /* Nure.m in Sources */ = {isa = PBXBuildFile; fileRef = 507E045E1BAD975E002EC223 /* Nure.m */; settings = {ASSET_TAGS = (); }; };
		507E04631BAD975E002EC223 /* Children.m in Sources */ = {isa = PBXBuildFile; fileRef = 507E04601BAD975E002EC223 /* Children.m */; settings = {ASSET_TAGS = (); }; };
/* End PBXBuildFile section */

/* Begin PBXCopyFilesBuildPhase section */
		507E04521BAD9736002EC223 /* CopyFiles */ = {
			isa = PBXCopyFilesBuildPhase;
			buildActionMask = 2147483647;
			dstPath = /usr/share/man/man1/;
			dstSubfolderSpec = 0;
			files = (
			);
			runOnlyForDeploymentPostprocessing = 1;
		};
/* End PBXCopyFilesBuildPhase section */

/* Begin PBXFileReference section */
		507E04541BAD9736002EC223 /* 08.04 Task4 */ = {isa = PBXFileReference; explicitFileType = "compiled.mach-o.executable"; includeInIndex = 0; path = "08.04 Task4"; sourceTree = BUILT_PRODUCTS_DIR; };
		507E04571BAD9736002EC223 /* main.m */ = {isa = PBXFileReference; lastKnownFileType = sourcecode.c.objc; path = main.m; sourceTree = "<group>"; };
		507E045E1BAD975E002EC223 /* Nure.m */ = {isa = PBXFileReference; fileEncoding = 4; lastKnownFileType = sourcecode.c.objc; path = Nure.m; sourceTree = "<group>"; };
		507E045F1BAD975E002EC223 /* Children.h */ = {isa = PBXFileReference; fileEncoding = 4; lastKnownFileType = sourcecode.c.h; path = Children.h; sourceTree = "<group>"; };
		507E04601BAD975E002EC223 /* Children.m */ = {isa = PBXFileReference; fileEncoding = 4; lastKnownFileType = sourcecode.c.objc; path = Children.m; sourceTree = "<group>"; };
		507E04611BAD975E002EC223 /* Nure.h */ = {isa = PBXFileReference; fileEncoding = 4; lastKnownFileType = sourcecode.c.h; path = Nure.h; sourceTree = "<group>"; };
/* End PBXFileReference section */

/* Begin PBXFrameworksBuildPhase section */
		507E04511BAD9736002EC223 /* Frameworks */ = {
			isa = PBXFrameworksBuildPhase;
			buildActionMask = 2147483647;
			files = (
			);
			runOnlyForDeploymentPostprocessing = 0;
		};
/* End PBXFrameworksBuildPhase section */

/* Begin PBXGroup section */
		507E044B1BAD9735002EC223 = {
			isa = PBXGroup;
			children = (
				507E04561BAD9736002EC223 /* 08.04 Task4 */,
				507E04551BAD9736002EC223 /* Products */,
			);
			sourceTree = "<group>";
		};
		507E04551BAD9736002EC223 /* Products */ = {
			isa = PBXGroup;
			children = (
				507E04541BAD9736002EC223 /* 08.04 Task4 */,
			);
			name = Products;
			sourceTree = "<group>";
		};
		507E04561BAD9736002EC223 /* 08.04 Task4 */ = {
			isa = PBXGroup;
			children = (
				507E04611BAD975E002EC223 /* Nure.h */,
				507E045E1BAD975E002EC223 /* Nure.m */,
				507E045F1BAD975E002EC223 /* Children.h */,
				507E04601BAD975E002EC223 /* Children.m */,
				507E04571BAD9736002EC223 /* main.m */,
			);
			path = "08.04 Task4";
			sourceTree = "<group>";
		};
/* End PBXGroup section */

/* Begin PBXNativeTarget section */
		507E04531BAD9736002EC223 /* 08.04 Task4 */ = {
			isa = PBXNativeTarget;
			buildConfigurationList = 507E045B1BAD9736002EC223 /* Build configuration list for PBXNativeTarget "08.04 Task4" */;
			buildPhases = (
				507E04501BAD9736002EC223 /* Sources */,
				507E04511BAD9736002EC223 /* Frameworks */,
				507E04521BAD9736002EC223 /* CopyFiles */,
			);
			buildRules = (
			);
			dependencies = (
			);
			name = "08.04 Task4";
			productName = "08.04 Task4";
			productReference = 507E04541BAD9736002EC223 /* 08.04 Task4 */;
			productType = "com.apple.product-type.tool";
		};
/* End PBXNativeTarget section */

/* Begin PBXProject section */
		507E044C1BAD9735002EC223 /* Project object */ = {
			isa = PBXProject;
			attributes = {
				LastUpgradeCheck = 0700;
				ORGANIZATIONNAME = wangx;
				TargetAttributes = {
					507E04531BAD9736002EC223 = {
						CreatedOnToolsVersion = 7.0;
					};
				};
			};
			buildConfigurationList = 507E044F1BAD9735002EC223 /* Build configuration list for PBXProject "08.04 Task4" */;
			compatibilityVersion = "Xcode 3.2";
			developmentRegion = English;
			hasScannedForEncodings = 0;
			knownRegions = (
				en,
			);
			mainGroup = 507E044B1BAD9735002EC223;
			productRefGroup = 507E04551BAD9736002EC223 /* Products */;
			projectDirPath = "";
			projectRoot = "";
			targets = (
				507E04531BAD9736002EC223 /* 08.04 Task4 */,
			);
		};
/* End PBXProject section */

/* Begin PBXSourcesBuildPhase section */
		507E04501BAD9736002EC223 /* Sources */ = {
			isa = PBXSourcesBuildPhase;
			buildActionMask = 2147483647;
			files = (
				507E04581BAD9736002EC223 /* main.m in Sources */,
				507E04621BAD975E002EC223 /* Nure.m in Sources */,
				507E04631BAD975E002EC223 /* Children.m in Sources */,
			);
			runOnlyForDeploymentPostprocessing = 0;
		};
/* End PBXSourcesBuildPhase section */

/* Begin XCBuildConfiguration section */
		507E04591BAD9736002EC223 /* Debug */ = {
			isa = XCBuildConfiguration;
			buildSettings = {
				ALWAYS_SEARCH_USER_PATHS = NO;
				CLANG_CXX_LANGUAGE_STANDARD = "gnu++0x";
				CLANG_CXX_LIBRARY = "libc++";
				CLANG_ENABLE_MODULES = YES;
				CLANG_ENABLE_OBJC_ARC = YES;
				CLANG_WARN_BOOL_CONVERSION = YES;
				CLANG_WARN_CONSTANT_CONVERSION = YES;
				CLANG_WARN_DIRECT_OBJC_ISA_USAGE = YES_ERROR;
				CLANG_WARN_EMPTY_BODY = YES;
				CLANG_WARN_ENUM_CONVERSION = YES;
				CLANG_WARN_INT_CONVERSION = YES;
				CLANG_WARN_OBJC_ROOT_CLASS = YES_ERROR;
				CLANG_WARN_UNREACHABLE_CODE = YES;
				CLANG_WARN__DUPLICATE_METHOD_MATCH = YES;
				COPY_PHASE_STRIP = NO;
				DEBUG_INFORMATION_FORMAT = dwarf;
				ENABLE_STRICT_OBJC_MSGSEND = YES;
				ENABLE_TESTABILITY = YES;
				GCC_C_LANGUAGE_STANDARD = gnu99;
				GCC_DYNAMIC_NO_PIC = NO;
				GCC_NO_COMMON_BLOCKS = YES;
				GCC_OPTIMIZATION_LEVEL = 0;
				GCC_PREPROCESSOR_DEFINITIONS = (
					"DEBUG=1",
					"$(inherited)",
				);
				GCC_WARN_64_TO_32_BIT_CONVERSION = YES;
				GCC_WARN_ABOUT_RETURN_TYPE = YES_ERROR;
				GCC_WARN_UNDECLARED_SELECTOR = YES;
				GCC_WARN_UNINITIALIZED_AUTOS = YES_AGGRESSIVE;
				GCC_WARN_UNUSED_FUNCTION = YES;
				GCC_WARN_UNUSED_VARIABLE = YES;
				MACOSX_DEPLOYMENT_TARGET = 10.10;
				MTL_ENABLE_DEBUG_INFO = YES;
				ONLY_ACTIVE_ARCH = YES;
				SDKROOT = macosx;
			};
			name = Debug;
		};
		507E045A1BAD9736002EC223 /* Release */ = {
			isa = XCBuildConfiguration;
			buildSettings = {
				ALWAYS_SEARCH_USER_PATHS = NO;
				CLANG_CXX_LANGUAGE_STANDARD = "gnu++0x";
				CLANG_CXX_LIBRARY = "libc++";
				CLANG_ENABLE_MODULES = YES;
				CLANG_ENABLE_OBJC_ARC = YES;
				CLANG_WARN_BOOL_CONVERSION = YES;
				CLANG_WARN_CONSTANT_CONVERSION = YES;
				CLANG_WARN_DIRECT_OBJC_ISA_USAGE = YES_ERROR;
				CLANG_WARN_EMPTY_BODY = YES;
				CLANG_WARN_ENUM_CONVERSION = YES;
				CLANG_WARN_INT_CONVERSION = YES;
				CLANG_WARN_OBJC_ROOT_CLASS = YES_ERROR;
				CLANG_WARN_UNREACHABLE_CODE = YES;
				CLANG_WARN__DUPLICATE_METHOD_MATCH = YES;
				COPY_PHASE_STRIP = NO;
				DEBUG_INFORMATION_FORMAT = "dwarf-with-dsym";
				ENABLE_NS_ASSERTIONS = NO;
				ENABLE_STRICT_OBJC_MSGSEND = YES;
				GCC_C_LANGUAGE_STANDARD = gnu99;
				GCC_NO_COMMON_BLOCKS = YES;
				GCC_WARN_64_TO_32_BIT_CONVERSION = YES;
				GCC_WARN_ABOUT_RETURN_TYPE = YES_ERROR;
				GCC_WARN_UNDECLARED_SELECTOR = YES;
				GCC_WARN_UNINITIALIZED_AUTOS = YES_AGGRESSIVE;
				GCC_WARN_UNUSED_FUNCTION = YES;
				GCC_WARN_UNUSED_VARIABLE = YES;
				MACOSX_DEPLOYMENT_TARGET = 10.10;
				MTL_ENABLE_DEBUG_INFO = NO;
				SDKROOT = macosx;
			};
			name = Release;
		};
		507E045C1BAD9736002EC223 /* Debug */ = {
			isa = XCBuildConfiguration;
			buildSettings = {
				PRODUCT_NAME = "$(TARGET_NAME)";
			};
			name = Debug;
		};
		507E045D1BAD9736002EC223 /* Release */ = {
			isa = XCBuildConfiguration;
			buildSettings = {
				PRODUCT_NAME = "$(TARGET_NAME)";
			};
			name = Release;
		};
/* End XCBuildConfiguration section */

/* Begin XCConfigurationList section */
		507E044F1BAD9735002EC223 /* Build configuration list for PBXProject "08.04 Task4" */ = {
			isa = XCConfigurationList;
			buildConfigurations = (
				507E04591BAD9736002EC223 /* Debug */,
				507E045A1BAD9736002EC223 /* Release */,
			);
			defaultConfigurationIsVisible = 0;
			defaultConfigurationName = Release;
		};
		507E045B1BAD9736002EC223 /* Build configuration list for PBXNativeTarget "08.04 Task4" */ = {
			isa = XCConfigurationList;
			buildConfigurations = (
				507E045C1BAD9736002EC223 /* Debug */,
				507E045D1BAD9736002EC223 /* Release */,
			);
			defaultConfigurationIsVisible = 0;
		};
/* End XCConfigurationList section */
	};
	rootObject = 507E044C1BAD9735002EC223 /* Project object */;
}
