// !$*UTF8*$!
{
	archiveVersion = 1;
	classes = {
	};
	objectVersion = 46;
	objects = {

/* Begin PBXBuildFile section */
		50EE85851B4AC44C00112B2E /* main.m in Sources */ = {isa = PBXBuildFile; fileRef = 50EE85841B4AC44C00112B2E /* main.m */; };
		50EE85881B4AC44C00112B2E /* AppDelegate.m in Sources */ = {isa = PBXBuildFile; fileRef = 50EE85871B4AC44C00112B2E /* AppDelegate.m */; };
		50EE858A1B4AC44C00112B2E /* Images.xcassets in Resources */ = {isa = PBXBuildFile; fileRef = 50EE85891B4AC44C00112B2E /* Images.xcassets */; };
		50EE858D1B4AC44C00112B2E /* LaunchScreen.xib in Resources */ = {isa = PBXBuildFile; fileRef = 50EE858B1B4AC44C00112B2E /* LaunchScreen.xib */; };
		50EE85991B4AC44C00112B2E /* _9_1_SQLiteDemoTests.m in Sources */ = {isa = PBXBuildFile; fileRef = 50EE85981B4AC44C00112B2E /* _9_1_SQLiteDemoTests.m */; };
		50EE85A31B4AC47A00112B2E /* libsqlite3.0.dylib in Frameworks */ = {isa = PBXBuildFile; fileRef = 50EE85A21B4AC47A00112B2E /* libsqlite3.0.dylib */; };
		50EE85A61B4AC4B300112B2E /* UserDB.m in Sources */ = {isa = PBXBuildFile; fileRef = 50EE85A51B4AC4B300112B2E /* UserDB.m */; };
/* End PBXBuildFile section */

/* Begin PBXContainerItemProxy section */
		50EE85931B4AC44C00112B2E /* PBXContainerItemProxy */ = {
			isa = PBXContainerItemProxy;
			containerPortal = 50EE85771B4AC44C00112B2E /* Project object */;
			proxyType = 1;
			remoteGlobalIDString = 50EE857E1B4AC44C00112B2E;
			remoteInfo = "19.1 SQLiteDemo";
		};
/* End PBXContainerItemProxy section */

/* Begin PBXFileReference section */
		50EE857F1B4AC44C00112B2E /* 19.1 SQLiteDemo.app */ = {isa = PBXFileReference; explicitFileType = wrapper.application; includeInIndex = 0; path = "19.1 SQLiteDemo.app"; sourceTree = BUILT_PRODUCTS_DIR; };
		50EE85831B4AC44C00112B2E /* Info.plist */ = {isa = PBXFileReference; lastKnownFileType = text.plist.xml; path = Info.plist; sourceTree = "<group>"; };
		50EE85841B4AC44C00112B2E /* main.m */ = {isa = PBXFileReference; lastKnownFileType = sourcecode.c.objc; path = main.m; sourceTree = "<group>"; };
		50EE85861B4AC44C00112B2E /* AppDelegate.h */ = {isa = PBXFileReference; lastKnownFileType = sourcecode.c.h; path = AppDelegate.h; sourceTree = "<group>"; };
		50EE85871B4AC44C00112B2E /* AppDelegate.m */ = {isa = PBXFileReference; lastKnownFileType = sourcecode.c.objc; path = AppDelegate.m; sourceTree = "<group>"; };
		50EE85891B4AC44C00112B2E /* Images.xcassets */ = {isa = PBXFileReference; lastKnownFileType = folder.assetcatalog; path = Images.xcassets; sourceTree = "<group>"; };
		50EE858C1B4AC44C00112B2E /* Base */ = {isa = PBXFileReference; lastKnownFileType = file.xib; name = Base; path = Base.lproj/LaunchScreen.xib; sourceTree = "<group>"; };
		50EE85921B4AC44C00112B2E /* 19.1 SQLiteDemoTests.xctest */ = {isa = PBXFileReference; explicitFileType = wrapper.cfbundle; includeInIndex = 0; path = "19.1 SQLiteDemoTests.xctest"; sourceTree = BUILT_PRODUCTS_DIR; };
		50EE85971B4AC44C00112B2E /* Info.plist */ = {isa = PBXFileReference; lastKnownFileType = text.plist.xml; path = Info.plist; sourceTree = "<group>"; };
		50EE85981B4AC44C00112B2E /* _9_1_SQLiteDemoTests.m */ = {isa = PBXFileReference; lastKnownFileType = sourcecode.c.objc; path = _9_1_SQLiteDemoTests.m; sourceTree = "<group>"; };
		50EE85A21B4AC47A00112B2E /* libsqlite3.0.dylib */ = {isa = PBXFileReference; lastKnownFileType = "compiled.mach-o.dylib"; name = libsqlite3.0.dylib; path = usr/lib/libsqlite3.0.dylib; sourceTree = SDKROOT; };
		50EE85A41B4AC4B300112B2E /* UserDB.h */ = {isa = PBXFileReference; fileEncoding = 4; lastKnownFileType = sourcecode.c.h; path = UserDB.h; sourceTree = "<group>"; };
		50EE85A51B4AC4B300112B2E /* UserDB.m */ = {isa = PBXFileReference; fileEncoding = 4; lastKnownFileType = sourcecode.c.objc; path = UserDB.m; sourceTree = "<group>"; };
/* End PBXFileReference section */

/* Begin PBXFrameworksBuildPhase section */
		50EE857C1B4AC44C00112B2E /* Frameworks */ = {
			isa = PBXFrameworksBuildPhase;
			buildActionMask = 2147483647;
			files = (
				50EE85A31B4AC47A00112B2E /* libsqlite3.0.dylib in Frameworks */,
			);
			runOnlyForDeploymentPostprocessing = 0;
		};
		50EE858F1B4AC44C00112B2E /* Frameworks */ = {
			isa = PBXFrameworksBuildPhase;
			buildActionMask = 2147483647;
			files = (
			);
			runOnlyForDeploymentPostprocessing = 0;
		};
/* End PBXFrameworksBuildPhase section */

/* Begin PBXGroup section */
		50EE85761B4AC44C00112B2E = {
			isa = PBXGroup;
			children = (
				50EE85811B4AC44C00112B2E /* 19.1 SQLiteDemo */,
				50EE85951B4AC44C00112B2E /* 19.1 SQLiteDemoTests */,
				50EE85801B4AC44C00112B2E /* Products */,
				50EE85A21B4AC47A00112B2E /* libsqlite3.0.dylib */,
			);
			sourceTree = "<group>";
		};
		50EE85801B4AC44C00112B2E /* Products */ = {
			isa = PBXGroup;
			children = (
				50EE857F1B4AC44C00112B2E /* 19.1 SQLiteDemo.app */,
				50EE85921B4AC44C00112B2E /* 19.1 SQLiteDemoTests.xctest */,
			);
			name = Products;
			sourceTree = "<group>";
		};
		50EE85811B4AC44C00112B2E /* 19.1 SQLiteDemo */ = {
			isa = PBXGroup;
			children = (
				50EE85861B4AC44C00112B2E /* AppDelegate.h */,
				50EE85871B4AC44C00112B2E /* AppDelegate.m */,
				50EE85A41B4AC4B300112B2E /* UserDB.h */,
				50EE85A51B4AC4B300112B2E /* UserDB.m */,
				50EE85891B4AC44C00112B2E /* Images.xcassets */,
				50EE858B1B4AC44C00112B2E /* LaunchScreen.xib */,
				50EE85821B4AC44C00112B2E /* Supporting Files */,
			);
			path = "19.1 SQLiteDemo";
			sourceTree = "<group>";
		};
		50EE85821B4AC44C00112B2E /* Supporting Files */ = {
			isa = PBXGroup;
			children = (
				50EE85831B4AC44C00112B2E /* Info.plist */,
				50EE85841B4AC44C00112B2E /* main.m */,
			);
			name = "Supporting Files";
			sourceTree = "<group>";
		};
		50EE85951B4AC44C00112B2E /* 19.1 SQLiteDemoTests */ = {
			isa = PBXGroup;
			children = (
				50EE85981B4AC44C00112B2E /* _9_1_SQLiteDemoTests.m */,
				50EE85961B4AC44C00112B2E /* Supporting Files */,
			);
			path = "19.1 SQLiteDemoTests";
			sourceTree = "<group>";
		};
		50EE85961B4AC44C00112B2E /* Supporting Files */ = {
			isa = PBXGroup;
			children = (
				50EE85971B4AC44C00112B2E /* Info.plist */,
			);
			name = "Supporting Files";
			sourceTree = "<group>";
		};
/* End PBXGroup section */

/* Begin PBXNativeTarget section */
		50EE857E1B4AC44C00112B2E /* 19.1 SQLiteDemo */ = {
			isa = PBXNativeTarget;
			buildConfigurationList = 50EE859C1B4AC44C00112B2E /* Build configuration list for PBXNativeTarget "19.1 SQLiteDemo" */;
			buildPhases = (
				50EE857B1B4AC44C00112B2E /* Sources */,
				50EE857C1B4AC44C00112B2E /* Frameworks */,
				50EE857D1B4AC44C00112B2E /* Resources */,
			);
			buildRules = (
			);
			dependencies = (
			);
			name = "19.1 SQLiteDemo";
			productName = "19.1 SQLiteDemo";
			productReference = 50EE857F1B4AC44C00112B2E /* 19.1 SQLiteDemo.app */;
			productType = "com.apple.product-type.application";
		};
		50EE85911B4AC44C00112B2E /* 19.1 SQLiteDemoTests */ = {
			isa = PBXNativeTarget;
			buildConfigurationList = 50EE859F1B4AC44C00112B2E /* Build configuration list for PBXNativeTarget "19.1 SQLiteDemoTests" */;
			buildPhases = (
				50EE858E1B4AC44C00112B2E /* Sources */,
				50EE858F1B4AC44C00112B2E /* Frameworks */,
				50EE85901B4AC44C00112B2E /* Resources */,
			);
			buildRules = (
			);
			dependencies = (
				50EE85941B4AC44C00112B2E /* PBXTargetDependency */,
			);
			name = "19.1 SQLiteDemoTests";
			productName = "19.1 SQLiteDemoTests";
			productReference = 50EE85921B4AC44C00112B2E /* 19.1 SQLiteDemoTests.xctest */;
			productType = "com.apple.product-type.bundle.unit-test";
		};
/* End PBXNativeTarget section */

/* Begin PBXProject section */
		50EE85771B4AC44C00112B2E /* Project object */ = {
			isa = PBXProject;
			attributes = {
				LastUpgradeCheck = 0640;
				ORGANIZATIONNAME = wxiang1991;
				TargetAttributes = {
					50EE857E1B4AC44C00112B2E = {
						CreatedOnToolsVersion = 6.4;
					};
					50EE85911B4AC44C00112B2E = {
						CreatedOnToolsVersion = 6.4;
						TestTargetID = 50EE857E1B4AC44C00112B2E;
					};
				};
			};
			buildConfigurationList = 50EE857A1B4AC44C00112B2E /* Build configuration list for PBXProject "19.1 SQLiteDemo" */;
			compatibilityVersion = "Xcode 3.2";
			developmentRegion = English;
			hasScannedForEncodings = 0;
			knownRegions = (
				en,
				Base,
			);
			mainGroup = 50EE85761B4AC44C00112B2E;
			productRefGroup = 50EE85801B4AC44C00112B2E /* Products */;
			projectDirPath = "";
			projectRoot = "";
			targets = (
				50EE857E1B4AC44C00112B2E /* 19.1 SQLiteDemo */,
				50EE85911B4AC44C00112B2E /* 19.1 SQLiteDemoTests */,
			);
		};
/* End PBXProject section */

/* Begin PBXResourcesBuildPhase section */
		50EE857D1B4AC44C00112B2E /* Resources */ = {
			isa = PBXResourcesBuildPhase;
			buildActionMask = 2147483647;
			files = (
				50EE858D1B4AC44C00112B2E /* LaunchScreen.xib in Resources */,
				50EE858A1B4AC44C00112B2E /* Images.xcassets in Resources */,
			);
			runOnlyForDeploymentPostprocessing = 0;
		};
		50EE85901B4AC44C00112B2E /* Resources */ = {
			isa = PBXResourcesBuildPhase;
			buildActionMask = 2147483647;
			files = (
			);
			runOnlyForDeploymentPostprocessing = 0;
		};
/* End PBXResourcesBuildPhase section */

/* Begin PBXSourcesBuildPhase section */
		50EE857B1B4AC44C00112B2E /* Sources */ = {
			isa = PBXSourcesBuildPhase;
			buildActionMask = 2147483647;
			files = (
				50EE85881B4AC44C00112B2E /* AppDelegate.m in Sources */,
				50EE85A61B4AC4B300112B2E /* UserDB.m in Sources */,
				50EE85851B4AC44C00112B2E /* main.m in Sources */,
			);
			runOnlyForDeploymentPostprocessing = 0;
		};
		50EE858E1B4AC44C00112B2E /* Sources */ = {
			isa = PBXSourcesBuildPhase;
			buildActionMask = 2147483647;
			files = (
				50EE85991B4AC44C00112B2E /* _9_1_SQLiteDemoTests.m in Sources */,
			);
			runOnlyForDeploymentPostprocessing = 0;
		};
/* End PBXSourcesBuildPhase section */

/* Begin PBXTargetDependency section */
		50EE85941B4AC44C00112B2E /* PBXTargetDependency */ = {
			isa = PBXTargetDependency;
			target = 50EE857E1B4AC44C00112B2E /* 19.1 SQLiteDemo */;
			targetProxy = 50EE85931B4AC44C00112B2E /* PBXContainerItemProxy */;
		};
/* End PBXTargetDependency section */

/* Begin PBXVariantGroup section */
		50EE858B1B4AC44C00112B2E /* LaunchScreen.xib */ = {
			isa = PBXVariantGroup;
			children = (
				50EE858C1B4AC44C00112B2E /* Base */,
			);
			name = LaunchScreen.xib;
			sourceTree = "<group>";
		};
/* End PBXVariantGroup section */

/* Begin XCBuildConfiguration section */
		50EE859A1B4AC44C00112B2E /* Debug */ = {
			isa = XCBuildConfiguration;
			buildSettings = {
				ALWAYS_SEARCH_USER_PATHS = NO;
				CLANG_CXX_LANGUAGE_STANDARD = "gnu++0x";
				CLANG_CXX_LIBRARY = "libc++";
				CLANG_ENABLE_MODULES = YES;
				CLANG_ENABLE_OBJC_ARC = YES;
				CLANG_WARN_BOOL_CONVERSION = YES;
				CLANG_WARN_CONSTANT_CONVERSION = YES;
				CLANG_WARN_DIRECT_OBJC_ISA_USAGE = YES_ERROR;
				CLANG_WARN_EMPTY_BODY = YES;
				CLANG_WARN_ENUM_CONVERSION = YES;
				CLANG_WARN_INT_CONVERSION = YES;
				CLANG_WARN_OBJC_ROOT_CLASS = YES_ERROR;
				CLANG_WARN_UNREACHABLE_CODE = YES;
				CLANG_WARN__DUPLICATE_METHOD_MATCH = YES;
				"CODE_SIGN_IDENTITY[sdk=iphoneos*]" = "iPhone Developer";
				COPY_PHASE_STRIP = NO;
				DEBUG_INFORMATION_FORMAT = "dwarf-with-dsym";
				ENABLE_STRICT_OBJC_MSGSEND = YES;
				GCC_C_LANGUAGE_STANDARD = gnu99;
				GCC_DYNAMIC_NO_PIC = NO;
				GCC_NO_COMMON_BLOCKS = YES;
				GCC_OPTIMIZATION_LEVEL = 0;
				GCC_PREPROCESSOR_DEFINITIONS = (
					"DEBUG=1",
					"$(inherited)",
				);
				GCC_SYMBOLS_PRIVATE_EXTERN = NO;
				GCC_WARN_64_TO_32_BIT_CONVERSION = YES;
				GCC_WARN_ABOUT_RETURN_TYPE = YES_ERROR;
				GCC_WARN_UNDECLARED_SELECTOR = YES;
				GCC_WARN_UNINITIALIZED_AUTOS = YES_AGGRESSIVE;
				GCC_WARN_UNUSED_FUNCTION = YES;
				GCC_WARN_UNUSED_VARIABLE = YES;
				IPHONEOS_DEPLOYMENT_TARGET = 8.4;
				MTL_ENABLE_DEBUG_INFO = YES;
				ONLY_ACTIVE_ARCH = YES;
				SDKROOT = iphoneos;
			};
			name = Debug;
		};
		50EE859B1B4AC44C00112B2E /* Release */ = {
			isa = XCBuildConfiguration;
			buildSettings = {
				ALWAYS_SEARCH_USER_PATHS = NO;
				CLANG_CXX_LANGUAGE_STANDARD = "gnu++0x";
				CLANG_CXX_LIBRARY = "libc++";
				CLANG_ENABLE_MODULES = YES;
				CLANG_ENABLE_OBJC_ARC = YES;
				CLANG_WARN_BOOL_CONVERSION = YES;
				CLANG_WARN_CONSTANT_CONVERSION = YES;
				CLANG_WARN_DIRECT_OBJC_ISA_USAGE = YES_ERROR;
				CLANG_WARN_EMPTY_BODY = YES;
				CLANG_WARN_ENUM_CONVERSION = YES;
				CLANG_WARN_INT_CONVERSION = YES;
				CLANG_WARN_OBJC_ROOT_CLASS = YES_ERROR;
				CLANG_WARN_UNREACHABLE_CODE = YES;
				CLANG_WARN__DUPLICATE_METHOD_MATCH = YES;
				"CODE_SIGN_IDENTITY[sdk=iphoneos*]" = "iPhone Developer";
				COPY_PHASE_STRIP = NO;
				DEBUG_INFORMATION_FORMAT = "dwarf-with-dsym";
				ENABLE_NS_ASSERTIONS = NO;
				ENABLE_STRICT_OBJC_MSGSEND = YES;
				GCC_C_LANGUAGE_STANDARD = gnu99;
				GCC_NO_COMMON_BLOCKS = YES;
				GCC_WARN_64_TO_32_BIT_CONVERSION = YES;
				GCC_WARN_ABOUT_RETURN_TYPE = YES_ERROR;
				GCC_WARN_UNDECLARED_SELECTOR = YES;
				GCC_WARN_UNINITIALIZED_AUTOS = YES_AGGRESSIVE;
				GCC_WARN_UNUSED_FUNCTION = YES;
				GCC_WARN_UNUSED_VARIABLE = YES;
				IPHONEOS_DEPLOYMENT_TARGET = 8.4;
				MTL_ENABLE_DEBUG_INFO = NO;
				SDKROOT = iphoneos;
				VALIDATE_PRODUCT = YES;
			};
			name = Release;
		};
		50EE859D1B4AC44C00112B2E /* Debug */ = {
			isa = XCBuildConfiguration;
			buildSettings = {
				ASSETCATALOG_COMPILER_APPICON_NAME = AppIcon;
				INFOPLIST_FILE = "19.1 SQLiteDemo/Info.plist";
				LD_RUNPATH_SEARCH_PATHS = "$(inherited) @executable_path/Frameworks";
				PRODUCT_NAME = "$(TARGET_NAME)";
			};
			name = Debug;
		};
		50EE859E1B4AC44C00112B2E /* Release */ = {
			isa = XCBuildConfiguration;
			buildSettings = {
				ASSETCATALOG_COMPILER_APPICON_NAME = AppIcon;
				INFOPLIST_FILE = "19.1 SQLiteDemo/Info.plist";
				LD_RUNPATH_SEARCH_PATHS = "$(inherited) @executable_path/Frameworks";
				PRODUCT_NAME = "$(TARGET_NAME)";
			};
			name = Release;
		};
		50EE85A01B4AC44C00112B2E /* Debug */ = {
			isa = XCBuildConfiguration;
			buildSettings = {
				BUNDLE_LOADER = "$(TEST_HOST)";
				FRAMEWORK_SEARCH_PATHS = (
					"$(SDKROOT)/Developer/Library/Frameworks",
					"$(inherited)",
				);
				GCC_PREPROCESSOR_DEFINITIONS = (
					"DEBUG=1",
					"$(inherited)",
				);
				INFOPLIST_FILE = "19.1 SQLiteDemoTests/Info.plist";
				LD_RUNPATH_SEARCH_PATHS = "$(inherited) @executable_path/Frameworks @loader_path/Frameworks";
				PRODUCT_NAME = "$(TARGET_NAME)";
				TEST_HOST = "$(BUILT_PRODUCTS_DIR)/19.1 SQLiteDemo.app/19.1 SQLiteDemo";
			};
			name = Debug;
		};
		50EE85A11B4AC44C00112B2E /* Release */ = {
			isa = XCBuildConfiguration;
			buildSettings = {
				BUNDLE_LOADER = "$(TEST_HOST)";
				FRAMEWORK_SEARCH_PATHS = (
					"$(SDKROOT)/Developer/Library/Frameworks",
					"$(inherited)",
				);
				INFOPLIST_FILE = "19.1 SQLiteDemoTests/Info.plist";
				LD_RUNPATH_SEARCH_PATHS = "$(inherited) @executable_path/Frameworks @loader_path/Frameworks";
				PRODUCT_NAME = "$(TARGET_NAME)";
				TEST_HOST = "$(BUILT_PRODUCTS_DIR)/19.1 SQLiteDemo.app/19.1 SQLiteDemo";
			};
			name = Release;
		};
/* End XCBuildConfiguration section */

/* Begin XCConfigurationList section */
		50EE857A1B4AC44C00112B2E /* Build configuration list for PBXProject "19.1 SQLiteDemo" */ = {
			isa = XCConfigurationList;
			buildConfigurations = (
				50EE859A1B4AC44C00112B2E /* Debug */,
				50EE859B1B4AC44C00112B2E /* Release */,
			);
			defaultConfigurationIsVisible = 0;
			defaultConfigurationName = Release;
		};
		50EE859C1B4AC44C00112B2E /* Build configuration list for PBXNativeTarget "19.1 SQLiteDemo" */ = {
			isa = XCConfigurationList;
			buildConfigurations = (
				50EE859D1B4AC44C00112B2E /* Debug */,
				50EE859E1B4AC44C00112B2E /* Release */,
			);
			defaultConfigurationIsVisible = 0;
		};
		50EE859F1B4AC44C00112B2E /* Build configuration list for PBXNativeTarget "19.1 SQLiteDemoTests" */ = {
			isa = XCConfigurationList;
			buildConfigurations = (
				50EE85A01B4AC44C00112B2E /* Debug */,
				50EE85A11B4AC44C00112B2E /* Release */,
			);
			defaultConfigurationIsVisible = 0;
		};
/* End XCConfigurationList section */
	};
	rootObject = 50EE85771B4AC44C00112B2E /* Project object */;
}
