// !$*UTF8*$!
{
	archiveVersion = 1;
	classes = {
	};
	objectVersion = 46;
	objects = {

/* Begin PBXBuildFile section */
		50A48E941BA46D4500B7964A /* main.m in Sources */ = {isa = PBXBuildFile; fileRef = 50A48E931BA46D4500B7964A /* main.m */; };
		50A48E9C1BA46D6600B7964A /* Dog.m in Sources */ = {isa = PBXBuildFile; fileRef = 50A48E9B1BA46D6600B7964A /* Dog.m */; };
		50A48E9F1BA46DA500B7964A /* Person.m in Sources */ = {isa = PBXBuildFile; fileRef = 50A48E9E1BA46DA500B7964A /* Person.m */; };
/* End PBXBuildFile section */

/* Begin PBXCopyFilesBuildPhase section */
		50A48E8E1BA46D4500B7964A /* CopyFiles */ = {
			isa = PBXCopyFilesBuildPhase;
			buildActionMask = 2147483647;
			dstPath = /usr/share/man/man1/;
			dstSubfolderSpec = 0;
			files = (
			);
			runOnlyForDeploymentPostprocessing = 1;
		};
/* End PBXCopyFilesBuildPhase section */

/* Begin PBXFileReference section */
		50A48E901BA46D4500B7964A /* 05.02 Task2 */ = {isa = PBXFileReference; explicitFileType = "compiled.mach-o.executable"; includeInIndex = 0; path = "05.02 Task2"; sourceTree = BUILT_PRODUCTS_DIR; };
		50A48E931BA46D4500B7964A /* main.m */ = {isa = PBXFileReference; lastKnownFileType = sourcecode.c.objc; path = main.m; sourceTree = "<group>"; };
		50A48E9A1BA46D6600B7964A /* Dog.h */ = {isa = PBXFileReference; fileEncoding = 4; lastKnownFileType = sourcecode.c.h; path = Dog.h; sourceTree = "<group>"; };
		50A48E9B1BA46D6600B7964A /* Dog.m */ = {isa = PBXFileReference; fileEncoding = 4; lastKnownFileType = sourcecode.c.objc; path = Dog.m; sourceTree = "<group>"; };
		50A48E9D1BA46DA500B7964A /* Person.h */ = {isa = PBXFileReference; fileEncoding = 4; lastKnownFileType = sourcecode.c.h; path = Person.h; sourceTree = "<group>"; };
		50A48E9E1BA46DA500B7964A /* Person.m */ = {isa = PBXFileReference; fileEncoding = 4; lastKnownFileType = sourcecode.c.objc; path = Person.m; sourceTree = "<group>"; };
/* End PBXFileReference section */

/* Begin PBXFrameworksBuildPhase section */
		50A48E8D1BA46D4500B7964A /* Frameworks */ = {
			isa = PBXFrameworksBuildPhase;
			buildActionMask = 2147483647;
			files = (
			);
			runOnlyForDeploymentPostprocessing = 0;
		};
/* End PBXFrameworksBuildPhase section */

/* Begin PBXGroup section */
		50A48E871BA46D4500B7964A = {
			isa = PBXGroup;
			children = (
				50A48E921BA46D4500B7964A /* 05.02 Task2 */,
				50A48E911BA46D4500B7964A /* Products */,
			);
			sourceTree = "<group>";
		};
		50A48E911BA46D4500B7964A /* Products */ = {
			isa = PBXGroup;
			children = (
				50A48E901BA46D4500B7964A /* 05.02 Task2 */,
			);
			name = Products;
			sourceTree = "<group>";
		};
		50A48E921BA46D4500B7964A /* 05.02 Task2 */ = {
			isa = PBXGroup;
			children = (
				50A48E931BA46D4500B7964A /* main.m */,
				50A48E9A1BA46D6600B7964A /* Dog.h */,
				50A48E9B1BA46D6600B7964A /* Dog.m */,
				50A48E9D1BA46DA500B7964A /* Person.h */,
				50A48E9E1BA46DA500B7964A /* Person.m */,
			);
			path = "05.02 Task2";
			sourceTree = "<group>";
		};
/* End PBXGroup section */

/* Begin PBXNativeTarget section */
		50A48E8F1BA46D4500B7964A /* 05.02 Task2 */ = {
			isa = PBXNativeTarget;
			buildConfigurationList = 50A48E971BA46D4500B7964A /* Build configuration list for PBXNativeTarget "05.02 Task2" */;
			buildPhases = (
				50A48E8C1BA46D4500B7964A /* Sources */,
				50A48E8D1BA46D4500B7964A /* Frameworks */,
				50A48E8E1BA46D4500B7964A /* CopyFiles */,
			);
			buildRules = (
			);
			dependencies = (
			);
			name = "05.02 Task2";
			productName = "05.02 Task2";
			productReference = 50A48E901BA46D4500B7964A /* 05.02 Task2 */;
			productType = "com.apple.product-type.tool";
		};
/* End PBXNativeTarget section */

/* Begin PBXProject section */
		50A48E881BA46D4500B7964A /* Project object */ = {
			isa = PBXProject;
			attributes = {
				LastUpgradeCheck = 0640;
				ORGANIZATIONNAME = wangx;
				TargetAttributes = {
					50A48E8F1BA46D4500B7964A = {
						CreatedOnToolsVersion = 6.4;
					};
				};
			};
			buildConfigurationList = 50A48E8B1BA46D4500B7964A /* Build configuration list for PBXProject "05.02 Task2" */;
			compatibilityVersion = "Xcode 3.2";
			developmentRegion = English;
			hasScannedForEncodings = 0;
			knownRegions = (
				en,
			);
			mainGroup = 50A48E871BA46D4500B7964A;
			productRefGroup = 50A48E911BA46D4500B7964A /* Products */;
			projectDirPath = "";
			projectRoot = "";
			targets = (
				50A48E8F1BA46D4500B7964A /* 05.02 Task2 */,
			);
		};
/* End PBXProject section */

/* Begin PBXSourcesBuildPhase section */
		50A48E8C1BA46D4500B7964A /* Sources */ = {
			isa = PBXSourcesBuildPhase;
			buildActionMask = 2147483647;
			files = (
				50A48E9F1BA46DA500B7964A /* Person.m in Sources */,
				50A48E9C1BA46D6600B7964A /* Dog.m in Sources */,
				50A48E941BA46D4500B7964A /* main.m in Sources */,
			);
			runOnlyForDeploymentPostprocessing = 0;
		};
/* End PBXSourcesBuildPhase section */

/* Begin XCBuildConfiguration section */
		50A48E951BA46D4500B7964A /* Debug */ = {
			isa = XCBuildConfiguration;
			buildSettings = {
				ALWAYS_SEARCH_USER_PATHS = NO;
				CLANG_CXX_LANGUAGE_STANDARD = "gnu++0x";
				CLANG_CXX_LIBRARY = "libc++";
				CLANG_ENABLE_MODULES = YES;
				CLANG_ENABLE_OBJC_ARC = YES;
				CLANG_WARN_BOOL_CONVERSION = YES;
				CLANG_WARN_CONSTANT_CONVERSION = YES;
				CLANG_WARN_DIRECT_OBJC_ISA_USAGE = YES_ERROR;
				CLANG_WARN_EMPTY_BODY = YES;
				CLANG_WARN_ENUM_CONVERSION = YES;
				CLANG_WARN_INT_CONVERSION = YES;
				CLANG_WARN_OBJC_ROOT_CLASS = YES_ERROR;
				CLANG_WARN_UNREACHABLE_CODE = YES;
				CLANG_WARN__DUPLICATE_METHOD_MATCH = YES;
				COPY_PHASE_STRIP = NO;
				DEBUG_INFORMATION_FORMAT = dwarf;
				ENABLE_STRICT_OBJC_MSGSEND = YES;
				GCC_C_LANGUAGE_STANDARD = gnu99;
				GCC_DYNAMIC_NO_PIC = NO;
				GCC_NO_COMMON_BLOCKS = YES;
				GCC_OPTIMIZATION_LEVEL = 0;
				GCC_PREPROCESSOR_DEFINITIONS = (
					"DEBUG=1",
					"$(inherited)",
				);
				GCC_SYMBOLS_PRIVATE_EXTERN = NO;
				GCC_WARN_64_TO_32_BIT_CONVERSION = YES;
				GCC_WARN_ABOUT_RETURN_TYPE = YES_ERROR;
				GCC_WARN_UNDECLARED_SELECTOR = YES;
				GCC_WARN_UNINITIALIZED_AUTOS = YES_AGGRESSIVE;
				GCC_WARN_UNUSED_FUNCTION = YES;
				GCC_WARN_UNUSED_VARIABLE = YES;
				MACOSX_DEPLOYMENT_TARGET = 10.10;
				MTL_ENABLE_DEBUG_INFO = YES;
				ONLY_ACTIVE_ARCH = YES;
				SDKROOT = macosx;
			};
			name = Debug;
		};
		50A48E961BA46D4500B7964A /* Release */ = {
			isa = XCBuildConfiguration;
			buildSettings = {
				ALWAYS_SEARCH_USER_PATHS = NO;
				CLANG_CXX_LANGUAGE_STANDARD = "gnu++0x";
				CLANG_CXX_LIBRARY = "libc++";
				CLANG_ENABLE_MODULES = YES;
				CLANG_ENABLE_OBJC_ARC = YES;
				CLANG_WARN_BOOL_CONVERSION = YES;
				CLANG_WARN_CONSTANT_CONVERSION = YES;
				CLANG_WARN_DIRECT_OBJC_ISA_USAGE = YES_ERROR;
				CLANG_WARN_EMPTY_BODY = YES;
				CLANG_WARN_ENUM_CONVERSION = YES;
				CLANG_WARN_INT_CONVERSION = YES;
				CLANG_WARN_OBJC_ROOT_CLASS = YES_ERROR;
				CLANG_WARN_UNREACHABLE_CODE = YES;
				CLANG_WARN__DUPLICATE_METHOD_MATCH = YES;
				COPY_PHASE_STRIP = NO;
				DEBUG_INFORMATION_FORMAT = "dwarf-with-dsym";
				ENABLE_NS_ASSERTIONS = NO;
				ENABLE_STRICT_OBJC_MSGSEND = YES;
				GCC_C_LANGUAGE_STANDARD = gnu99;
				GCC_NO_COMMON_BLOCKS = YES;
				GCC_WARN_64_TO_32_BIT_CONVERSION = YES;
				GCC_WARN_ABOUT_RETURN_TYPE = YES_ERROR;
				GCC_WARN_UNDECLARED_SELECTOR = YES;
				GCC_WARN_UNINITIALIZED_AUTOS = YES_AGGRESSIVE;
				GCC_WARN_UNUSED_FUNCTION = YES;
				GCC_WARN_UNUSED_VARIABLE = YES;
				MACOSX_DEPLOYMENT_TARGET = 10.10;
				MTL_ENABLE_DEBUG_INFO = NO;
				SDKROOT = macosx;
			};
			name = Release;
		};
		50A48E981BA46D4500B7964A /* Debug */ = {
			isa = XCBuildConfiguration;
			buildSettings = {
				CLANG_ENABLE_OBJC_ARC = NO;
				PRODUCT_NAME = "$(TARGET_NAME)";
			};
			name = Debug;
		};
		50A48E991BA46D4500B7964A /* Release */ = {
			isa = XCBuildConfiguration;
			buildSettings = {
				CLANG_ENABLE_OBJC_ARC = NO;
				PRODUCT_NAME = "$(TARGET_NAME)";
			};
			name = Release;
		};
/* End XCBuildConfiguration section */

/* Begin XCConfigurationList section */
		50A48E8B1BA46D4500B7964A /* Build configuration list for PBXProject "05.02 Task2" */ = {
			isa = XCConfigurationList;
			buildConfigurations = (
				50A48E951BA46D4500B7964A /* Debug */,
				50A48E961BA46D4500B7964A /* Release */,
			);
			defaultConfigurationIsVisible = 0;
			defaultConfigurationName = Release;
		};
		50A48E971BA46D4500B7964A /* Build configuration list for PBXNativeTarget "05.02 Task2" */ = {
			isa = XCConfigurationList;
			buildConfigurations = (
				50A48E981BA46D4500B7964A /* Debug */,
				50A48E991BA46D4500B7964A /* Release */,
			);
			defaultConfigurationIsVisible = 0;
		};
/* End XCConfigurationList section */
	};
	rootObject = 50A48E881BA46D4500B7964A /* Project object */;
}
