// !$*UTF8*$!
{
	archiveVersion = 1;
	classes = {
	};
	objectVersion = 46;
	objects = {

/* Begin PBXBuildFile section */
		50CD50E91B9B4B0C00D1FD22 /* main.m in Sources */ = {isa = PBXBuildFile; fileRef = 50CD50E81B9B4B0C00D1FD22 /* main.m */; };
		50CD50F11B9B4B1C00D1FD22 /* Animal.m in Sources */ = {isa = PBXBuildFile; fileRef = 50CD50F01B9B4B1C00D1FD22 /* Animal.m */; };
		50CD50F41B9B4BAD00D1FD22 /* Rabbit.m in Sources */ = {isa = PBXBuildFile; fileRef = 50CD50F31B9B4BAD00D1FD22 /* Rabbit.m */; };
		50CD50F71B9B4C2D00D1FD22 /* Tiger.m in Sources */ = {isa = PBXBuildFile; fileRef = 50CD50F61B9B4C2D00D1FD22 /* Tiger.m */; };
/* End PBXBuildFile section */

/* Begin PBXCopyFilesBuildPhase section */
		50CD50E31B9B4B0C00D1FD22 /* CopyFiles */ = {
			isa = PBXCopyFilesBuildPhase;
			buildActionMask = 2147483647;
			dstPath = /usr/share/man/man1/;
			dstSubfolderSpec = 0;
			files = (
			);
			runOnlyForDeploymentPostprocessing = 1;
		};
/* End PBXCopyFilesBuildPhase section */

/* Begin PBXFileReference section */
		50CD50E51B9B4B0C00D1FD22 /* 02.04 Animal */ = {isa = PBXFileReference; explicitFileType = "compiled.mach-o.executable"; includeInIndex = 0; path = "02.04 Animal"; sourceTree = BUILT_PRODUCTS_DIR; };
		50CD50E81B9B4B0C00D1FD22 /* main.m */ = {isa = PBXFileReference; lastKnownFileType = sourcecode.c.objc; path = main.m; sourceTree = "<group>"; };
		50CD50EF1B9B4B1C00D1FD22 /* Animal.h */ = {isa = PBXFileReference; fileEncoding = 4; lastKnownFileType = sourcecode.c.h; path = Animal.h; sourceTree = "<group>"; };
		50CD50F01B9B4B1C00D1FD22 /* Animal.m */ = {isa = PBXFileReference; fileEncoding = 4; lastKnownFileType = sourcecode.c.objc; path = Animal.m; sourceTree = "<group>"; };
		50CD50F21B9B4BAD00D1FD22 /* Rabbit.h */ = {isa = PBXFileReference; fileEncoding = 4; lastKnownFileType = sourcecode.c.h; path = Rabbit.h; sourceTree = "<group>"; };
		50CD50F31B9B4BAD00D1FD22 /* Rabbit.m */ = {isa = PBXFileReference; fileEncoding = 4; lastKnownFileType = sourcecode.c.objc; path = Rabbit.m; sourceTree = "<group>"; };
		50CD50F51B9B4C2D00D1FD22 /* Tiger.h */ = {isa = PBXFileReference; fileEncoding = 4; lastKnownFileType = sourcecode.c.h; path = Tiger.h; sourceTree = "<group>"; };
		50CD50F61B9B4C2D00D1FD22 /* Tiger.m */ = {isa = PBXFileReference; fileEncoding = 4; lastKnownFileType = sourcecode.c.objc; path = Tiger.m; sourceTree = "<group>"; };
/* End PBXFileReference section */

/* Begin PBXFrameworksBuildPhase section */
		50CD50E21B9B4B0C00D1FD22 /* Frameworks */ = {
			isa = PBXFrameworksBuildPhase;
			buildActionMask = 2147483647;
			files = (
			);
			runOnlyForDeploymentPostprocessing = 0;
		};
/* End PBXFrameworksBuildPhase section */

/* Begin PBXGroup section */
		50CD50DC1B9B4B0C00D1FD22 = {
			isa = PBXGroup;
			children = (
				50CD50E71B9B4B0C00D1FD22 /* 02.04 Animal */,
				50CD50E61B9B4B0C00D1FD22 /* Products */,
			);
			sourceTree = "<group>";
		};
		50CD50E61B9B4B0C00D1FD22 /* Products */ = {
			isa = PBXGroup;
			children = (
				50CD50E51B9B4B0C00D1FD22 /* 02.04 Animal */,
			);
			name = Products;
			sourceTree = "<group>";
		};
		50CD50E71B9B4B0C00D1FD22 /* 02.04 Animal */ = {
			isa = PBXGroup;
			children = (
				50CD50E81B9B4B0C00D1FD22 /* main.m */,
				50CD50EF1B9B4B1C00D1FD22 /* Animal.h */,
				50CD50F01B9B4B1C00D1FD22 /* Animal.m */,
				50CD50F21B9B4BAD00D1FD22 /* Rabbit.h */,
				50CD50F31B9B4BAD00D1FD22 /* Rabbit.m */,
				50CD50F51B9B4C2D00D1FD22 /* Tiger.h */,
				50CD50F61B9B4C2D00D1FD22 /* Tiger.m */,
			);
			path = "02.04 Animal";
			sourceTree = "<group>";
		};
/* End PBXGroup section */

/* Begin PBXNativeTarget section */
		50CD50E41B9B4B0C00D1FD22 /* 02.04 Animal */ = {
			isa = PBXNativeTarget;
			buildConfigurationList = 50CD50EC1B9B4B0C00D1FD22 /* Build configuration list for PBXNativeTarget "02.04 Animal" */;
			buildPhases = (
				50CD50E11B9B4B0C00D1FD22 /* Sources */,
				50CD50E21B9B4B0C00D1FD22 /* Frameworks */,
				50CD50E31B9B4B0C00D1FD22 /* CopyFiles */,
			);
			buildRules = (
			);
			dependencies = (
			);
			name = "02.04 Animal";
			productName = "02.04 Animal";
			productReference = 50CD50E51B9B4B0C00D1FD22 /* 02.04 Animal */;
			productType = "com.apple.product-type.tool";
		};
/* End PBXNativeTarget section */

/* Begin PBXProject section */
		50CD50DD1B9B4B0C00D1FD22 /* Project object */ = {
			isa = PBXProject;
			attributes = {
				LastUpgradeCheck = 0640;
				ORGANIZATIONNAME = wangx;
				TargetAttributes = {
					50CD50E41B9B4B0C00D1FD22 = {
						CreatedOnToolsVersion = 6.4;
					};
				};
			};
			buildConfigurationList = 50CD50E01B9B4B0C00D1FD22 /* Build configuration list for PBXProject "02.04 Animal" */;
			compatibilityVersion = "Xcode 3.2";
			developmentRegion = English;
			hasScannedForEncodings = 0;
			knownRegions = (
				en,
			);
			mainGroup = 50CD50DC1B9B4B0C00D1FD22;
			productRefGroup = 50CD50E61B9B4B0C00D1FD22 /* Products */;
			projectDirPath = "";
			projectRoot = "";
			targets = (
				50CD50E41B9B4B0C00D1FD22 /* 02.04 Animal */,
			);
		};
/* End PBXProject section */

/* Begin PBXSourcesBuildPhase section */
		50CD50E11B9B4B0C00D1FD22 /* Sources */ = {
			isa = PBXSourcesBuildPhase;
			buildActionMask = 2147483647;
			files = (
				50CD50F41B9B4BAD00D1FD22 /* Rabbit.m in Sources */,
				50CD50F71B9B4C2D00D1FD22 /* Tiger.m in Sources */,
				50CD50E91B9B4B0C00D1FD22 /* main.m in Sources */,
				50CD50F11B9B4B1C00D1FD22 /* Animal.m in Sources */,
			);
			runOnlyForDeploymentPostprocessing = 0;
		};
/* End PBXSourcesBuildPhase section */

/* Begin XCBuildConfiguration section */
		50CD50EA1B9B4B0C00D1FD22 /* Debug */ = {
			isa = XCBuildConfiguration;
			buildSettings = {
				ALWAYS_SEARCH_USER_PATHS = NO;
				CLANG_CXX_LANGUAGE_STANDARD = "gnu++0x";
				CLANG_CXX_LIBRARY = "libc++";
				CLANG_ENABLE_MODULES = YES;
				CLANG_ENABLE_OBJC_ARC = YES;
				CLANG_WARN_BOOL_CONVERSION = YES;
				CLANG_WARN_CONSTANT_CONVERSION = YES;
				CLANG_WARN_DIRECT_OBJC_ISA_USAGE = YES_ERROR;
				CLANG_WARN_EMPTY_BODY = YES;
				CLANG_WARN_ENUM_CONVERSION = YES;
				CLANG_WARN_INT_CONVERSION = YES;
				CLANG_WARN_OBJC_ROOT_CLASS = YES_ERROR;
				CLANG_WARN_UNREACHABLE_CODE = YES;
				CLANG_WARN__DUPLICATE_METHOD_MATCH = YES;
				COPY_PHASE_STRIP = NO;
				DEBUG_INFORMATION_FORMAT = dwarf;
				ENABLE_STRICT_OBJC_MSGSEND = YES;
				GCC_C_LANGUAGE_STANDARD = gnu99;
				GCC_DYNAMIC_NO_PIC = NO;
				GCC_NO_COMMON_BLOCKS = YES;
				GCC_OPTIMIZATION_LEVEL = 0;
				GCC_PREPROCESSOR_DEFINITIONS = (
					"DEBUG=1",
					"$(inherited)",
				);
				GCC_SYMBOLS_PRIVATE_EXTERN = NO;
				GCC_WARN_64_TO_32_BIT_CONVERSION = YES;
				GCC_WARN_ABOUT_RETURN_TYPE = YES_ERROR;
				GCC_WARN_UNDECLARED_SELECTOR = YES;
				GCC_WARN_UNINITIALIZED_AUTOS = YES_AGGRESSIVE;
				GCC_WARN_UNUSED_FUNCTION = YES;
				GCC_WARN_UNUSED_VARIABLE = YES;
				MACOSX_DEPLOYMENT_TARGET = 10.10;
				MTL_ENABLE_DEBUG_INFO = YES;
				ONLY_ACTIVE_ARCH = YES;
				SDKROOT = macosx;
			};
			name = Debug;
		};
		50CD50EB1B9B4B0C00D1FD22 /* Release */ = {
			isa = XCBuildConfiguration;
			buildSettings = {
				ALWAYS_SEARCH_USER_PATHS = NO;
				CLANG_CXX_LANGUAGE_STANDARD = "gnu++0x";
				CLANG_CXX_LIBRARY = "libc++";
				CLANG_ENABLE_MODULES = YES;
				CLANG_ENABLE_OBJC_ARC = YES;
				CLANG_WARN_BOOL_CONVERSION = YES;
				CLANG_WARN_CONSTANT_CONVERSION = YES;
				CLANG_WARN_DIRECT_OBJC_ISA_USAGE = YES_ERROR;
				CLANG_WARN_EMPTY_BODY = YES;
				CLANG_WARN_ENUM_CONVERSION = YES;
				CLANG_WARN_INT_CONVERSION = YES;
				CLANG_WARN_OBJC_ROOT_CLASS = YES_ERROR;
				CLANG_WARN_UNREACHABLE_CODE = YES;
				CLANG_WARN__DUPLICATE_METHOD_MATCH = YES;
				COPY_PHASE_STRIP = NO;
				DEBUG_INFORMATION_FORMAT = "dwarf-with-dsym";
				ENABLE_NS_ASSERTIONS = NO;
				ENABLE_STRICT_OBJC_MSGSEND = YES;
				GCC_C_LANGUAGE_STANDARD = gnu99;
				GCC_NO_COMMON_BLOCKS = YES;
				GCC_WARN_64_TO_32_BIT_CONVERSION = YES;
				GCC_WARN_ABOUT_RETURN_TYPE = YES_ERROR;
				GCC_WARN_UNDECLARED_SELECTOR = YES;
				GCC_WARN_UNINITIALIZED_AUTOS = YES_AGGRESSIVE;
				GCC_WARN_UNUSED_FUNCTION = YES;
				GCC_WARN_UNUSED_VARIABLE = YES;
				MACOSX_DEPLOYMENT_TARGET = 10.10;
				MTL_ENABLE_DEBUG_INFO = NO;
				SDKROOT = macosx;
			};
			name = Release;
		};
		50CD50ED1B9B4B0C00D1FD22 /* Debug */ = {
			isa = XCBuildConfiguration;
			buildSettings = {
				PRODUCT_NAME = "$(TARGET_NAME)";
			};
			name = Debug;
		};
		50CD50EE1B9B4B0C00D1FD22 /* Release */ = {
			isa = XCBuildConfiguration;
			buildSettings = {
				PRODUCT_NAME = "$(TARGET_NAME)";
			};
			name = Release;
		};
/* End XCBuildConfiguration section */

/* Begin XCConfigurationList section */
		50CD50E01B9B4B0C00D1FD22 /* Build configuration list for PBXProject "02.04 Animal" */ = {
			isa = XCConfigurationList;
			buildConfigurations = (
				50CD50EA1B9B4B0C00D1FD22 /* Debug */,
				50CD50EB1B9B4B0C00D1FD22 /* Release */,
			);
			defaultConfigurationIsVisible = 0;
			defaultConfigurationName = Release;
		};
		50CD50EC1B9B4B0C00D1FD22 /* Build configuration list for PBXNativeTarget "02.04 Animal" */ = {
			isa = XCConfigurationList;
			buildConfigurations = (
				50CD50ED1B9B4B0C00D1FD22 /* Debug */,
				50CD50EE1B9B4B0C00D1FD22 /* Release */,
			);
			defaultConfigurationIsVisible = 0;
		};
/* End XCConfigurationList section */
	};
	rootObject = 50CD50DD1B9B4B0C00D1FD22 /* Project object */;
}
