// !$*UTF8*$!
{
	archiveVersion = 1;
	classes = {
	};
	objectVersion = 46;
	objects = {

/* Begin PBXBuildFile section */
		50871B9C1B19469500B5AD0F /* AboutViewController.swift in Sources */ = {isa = PBXBuildFile; fileRef = 50871B9B1B19469500B5AD0F /* AboutViewController.swift */; };
		50871B9E1B194B3900B5AD0F /* Empty.xib in Resources */ = {isa = PBXBuildFile; fileRef = 50871B9D1B194B3900B5AD0F /* Empty.xib */; };
		50CE627B1B18B2A000C2634A /* AppDelegate.swift in Sources */ = {isa = PBXBuildFile; fileRef = 50CE627A1B18B2A000C2634A /* AppDelegate.swift */; };
		50CE627D1B18B2A000C2634A /* ViewController.swift in Sources */ = {isa = PBXBuildFile; fileRef = 50CE627C1B18B2A000C2634A /* ViewController.swift */; };
		50CE62801B18B2A000C2634A /* Main.storyboard in Resources */ = {isa = PBXBuildFile; fileRef = 50CE627E1B18B2A000C2634A /* Main.storyboard */; };
		50CE62821B18B2A000C2634A /* Images.xcassets in Resources */ = {isa = PBXBuildFile; fileRef = 50CE62811B18B2A000C2634A /* Images.xcassets */; };
		50CE62851B18B2A000C2634A /* LaunchScreen.xib in Resources */ = {isa = PBXBuildFile; fileRef = 50CE62831B18B2A000C2634A /* LaunchScreen.xib */; };
		50CE62911B18B2A000C2634A /* CragDragTests.swift in Sources */ = {isa = PBXBuildFile; fileRef = 50CE62901B18B2A000C2634A /* CragDragTests.swift */; };
/* End PBXBuildFile section */

/* Begin PBXContainerItemProxy section */
		50CE628B1B18B2A000C2634A /* PBXContainerItemProxy */ = {
			isa = PBXContainerItemProxy;
			containerPortal = 50CE626D1B18B2A000C2634A /* Project object */;
			proxyType = 1;
			remoteGlobalIDString = 50CE62741B18B2A000C2634A;
			remoteInfo = CragDrag;
		};
/* End PBXContainerItemProxy section */

/* Begin PBXFileReference section */
		50871B9B1B19469500B5AD0F /* AboutViewController.swift */ = {isa = PBXFileReference; fileEncoding = 4; lastKnownFileType = sourcecode.swift; path = AboutViewController.swift; sourceTree = "<group>"; };
		50871B9D1B194B3900B5AD0F /* Empty.xib */ = {isa = PBXFileReference; fileEncoding = 4; lastKnownFileType = file.xib; path = Empty.xib; sourceTree = "<group>"; };
		50CE62751B18B2A000C2634A /* CragDrag.app */ = {isa = PBXFileReference; explicitFileType = wrapper.application; includeInIndex = 0; path = CragDrag.app; sourceTree = BUILT_PRODUCTS_DIR; };
		50CE62791B18B2A000C2634A /* Info.plist */ = {isa = PBXFileReference; lastKnownFileType = text.plist.xml; path = Info.plist; sourceTree = "<group>"; };
		50CE627A1B18B2A000C2634A /* AppDelegate.swift */ = {isa = PBXFileReference; lastKnownFileType = sourcecode.swift; path = AppDelegate.swift; sourceTree = "<group>"; };
		50CE627C1B18B2A000C2634A /* ViewController.swift */ = {isa = PBXFileReference; lastKnownFileType = sourcecode.swift; path = ViewController.swift; sourceTree = "<group>"; };
		50CE627F1B18B2A000C2634A /* Base */ = {isa = PBXFileReference; lastKnownFileType = file.storyboard; name = Base; path = Base.lproj/Main.storyboard; sourceTree = "<group>"; };
		50CE62811B18B2A000C2634A /* Images.xcassets */ = {isa = PBXFileReference; lastKnownFileType = folder.assetcatalog; path = Images.xcassets; sourceTree = "<group>"; };
		50CE62841B18B2A000C2634A /* Base */ = {isa = PBXFileReference; lastKnownFileType = file.xib; name = Base; path = Base.lproj/LaunchScreen.xib; sourceTree = "<group>"; };
		50CE628A1B18B2A000C2634A /* CragDragTests.xctest */ = {isa = PBXFileReference; explicitFileType = wrapper.cfbundle; includeInIndex = 0; path = CragDragTests.xctest; sourceTree = BUILT_PRODUCTS_DIR; };
		50CE628F1B18B2A000C2634A /* Info.plist */ = {isa = PBXFileReference; lastKnownFileType = text.plist.xml; path = Info.plist; sourceTree = "<group>"; };
		50CE62901B18B2A000C2634A /* CragDragTests.swift */ = {isa = PBXFileReference; lastKnownFileType = sourcecode.swift; path = CragDragTests.swift; sourceTree = "<group>"; };
/* End PBXFileReference section */

/* Begin PBXFrameworksBuildPhase section */
		50CE62721B18B2A000C2634A /* Frameworks */ = {
			isa = PBXFrameworksBuildPhase;
			buildActionMask = 2147483647;
			files = (
			);
			runOnlyForDeploymentPostprocessing = 0;
		};
		50CE62871B18B2A000C2634A /* Frameworks */ = {
			isa = PBXFrameworksBuildPhase;
			buildActionMask = 2147483647;
			files = (
			);
			runOnlyForDeploymentPostprocessing = 0;
		};
/* End PBXFrameworksBuildPhase section */

/* Begin PBXGroup section */
		50CE626C1B18B2A000C2634A = {
			isa = PBXGroup;
			children = (
				50CE62771B18B2A000C2634A /* CragDrag */,
				50CE628D1B18B2A000C2634A /* CragDragTests */,
				50CE62761B18B2A000C2634A /* Products */,
			);
			sourceTree = "<group>";
		};
		50CE62761B18B2A000C2634A /* Products */ = {
			isa = PBXGroup;
			children = (
				50CE62751B18B2A000C2634A /* CragDrag.app */,
				50CE628A1B18B2A000C2634A /* CragDragTests.xctest */,
			);
			name = Products;
			sourceTree = "<group>";
		};
		50CE62771B18B2A000C2634A /* CragDrag */ = {
			isa = PBXGroup;
			children = (
				50CE627A1B18B2A000C2634A /* AppDelegate.swift */,
				50CE627C1B18B2A000C2634A /* ViewController.swift */,
				50871B9B1B19469500B5AD0F /* AboutViewController.swift */,
				50CE627E1B18B2A000C2634A /* Main.storyboard */,
				50CE62811B18B2A000C2634A /* Images.xcassets */,
				50CE62831B18B2A000C2634A /* LaunchScreen.xib */,
				50CE62781B18B2A000C2634A /* Supporting Files */,
				50871B9D1B194B3900B5AD0F /* Empty.xib */,
			);
			path = CragDrag;
			sourceTree = "<group>";
		};
		50CE62781B18B2A000C2634A /* Supporting Files */ = {
			isa = PBXGroup;
			children = (
				50CE62791B18B2A000C2634A /* Info.plist */,
			);
			name = "Supporting Files";
			sourceTree = "<group>";
		};
		50CE628D1B18B2A000C2634A /* CragDragTests */ = {
			isa = PBXGroup;
			children = (
				50CE62901B18B2A000C2634A /* CragDragTests.swift */,
				50CE628E1B18B2A000C2634A /* Supporting Files */,
			);
			path = CragDragTests;
			sourceTree = "<group>";
		};
		50CE628E1B18B2A000C2634A /* Supporting Files */ = {
			isa = PBXGroup;
			children = (
				50CE628F1B18B2A000C2634A /* Info.plist */,
			);
			name = "Supporting Files";
			sourceTree = "<group>";
		};
/* End PBXGroup section */

/* Begin PBXNativeTarget section */
		50CE62741B18B2A000C2634A /* CragDrag */ = {
			isa = PBXNativeTarget;
			buildConfigurationList = 50CE62941B18B2A000C2634A /* Build configuration list for PBXNativeTarget "CragDrag" */;
			buildPhases = (
				50CE62711B18B2A000C2634A /* Sources */,
				50CE62721B18B2A000C2634A /* Frameworks */,
				50CE62731B18B2A000C2634A /* Resources */,
			);
			buildRules = (
			);
			dependencies = (
			);
			name = CragDrag;
			productName = CragDrag;
			productReference = 50CE62751B18B2A000C2634A /* CragDrag.app */;
			productType = "com.apple.product-type.application";
		};
		50CE62891B18B2A000C2634A /* CragDragTests */ = {
			isa = PBXNativeTarget;
			buildConfigurationList = 50CE62971B18B2A000C2634A /* Build configuration list for PBXNativeTarget "CragDragTests" */;
			buildPhases = (
				50CE62861B18B2A000C2634A /* Sources */,
				50CE62871B18B2A000C2634A /* Frameworks */,
				50CE62881B18B2A000C2634A /* Resources */,
			);
			buildRules = (
			);
			dependencies = (
				50CE628C1B18B2A000C2634A /* PBXTargetDependency */,
			);
			name = CragDragTests;
			productName = CragDragTests;
			productReference = 50CE628A1B18B2A000C2634A /* CragDragTests.xctest */;
			productType = "com.apple.product-type.bundle.unit-test";
		};
/* End PBXNativeTarget section */

/* Begin PBXProject section */
		50CE626D1B18B2A000C2634A /* Project object */ = {
			isa = PBXProject;
			attributes = {
				LastUpgradeCheck = 0630;
				ORGANIZATIONNAME = wxiang1991;
				TargetAttributes = {
					50CE62741B18B2A000C2634A = {
						CreatedOnToolsVersion = 6.3.2;
					};
					50CE62891B18B2A000C2634A = {
						CreatedOnToolsVersion = 6.3.2;
						TestTargetID = 50CE62741B18B2A000C2634A;
					};
				};
			};
			buildConfigurationList = 50CE62701B18B2A000C2634A /* Build configuration list for PBXProject "CragDrag" */;
			compatibilityVersion = "Xcode 3.2";
			developmentRegion = English;
			hasScannedForEncodings = 0;
			knownRegions = (
				en,
				Base,
			);
			mainGroup = 50CE626C1B18B2A000C2634A;
			productRefGroup = 50CE62761B18B2A000C2634A /* Products */;
			projectDirPath = "";
			projectRoot = "";
			targets = (
				50CE62741B18B2A000C2634A /* CragDrag */,
				50CE62891B18B2A000C2634A /* CragDragTests */,
			);
		};
/* End PBXProject section */

/* Begin PBXResourcesBuildPhase section */
		50CE62731B18B2A000C2634A /* Resources */ = {
			isa = PBXResourcesBuildPhase;
			buildActionMask = 2147483647;
			files = (
				50CE62801B18B2A000C2634A /* Main.storyboard in Resources */,
				50871B9E1B194B3900B5AD0F /* Empty.xib in Resources */,
				50CE62851B18B2A000C2634A /* LaunchScreen.xib in Resources */,
				50CE62821B18B2A000C2634A /* Images.xcassets in Resources */,
			);
			runOnlyForDeploymentPostprocessing = 0;
		};
		50CE62881B18B2A000C2634A /* Resources */ = {
			isa = PBXResourcesBuildPhase;
			buildActionMask = 2147483647;
			files = (
			);
			runOnlyForDeploymentPostprocessing = 0;
		};
/* End PBXResourcesBuildPhase section */

/* Begin PBXSourcesBuildPhase section */
		50CE62711B18B2A000C2634A /* Sources */ = {
			isa = PBXSourcesBuildPhase;
			buildActionMask = 2147483647;
			files = (
				50CE627D1B18B2A000C2634A /* ViewController.swift in Sources */,
				50871B9C1B19469500B5AD0F /* AboutViewController.swift in Sources */,
				50CE627B1B18B2A000C2634A /* AppDelegate.swift in Sources */,
			);
			runOnlyForDeploymentPostprocessing = 0;
		};
		50CE62861B18B2A000C2634A /* Sources */ = {
			isa = PBXSourcesBuildPhase;
			buildActionMask = 2147483647;
			files = (
				50CE62911B18B2A000C2634A /* CragDragTests.swift in Sources */,
			);
			runOnlyForDeploymentPostprocessing = 0;
		};
/* End PBXSourcesBuildPhase section */

/* Begin PBXTargetDependency section */
		50CE628C1B18B2A000C2634A /* PBXTargetDependency */ = {
			isa = PBXTargetDependency;
			target = 50CE62741B18B2A000C2634A /* CragDrag */;
			targetProxy = 50CE628B1B18B2A000C2634A /* PBXContainerItemProxy */;
		};
/* End PBXTargetDependency section */

/* Begin PBXVariantGroup section */
		50CE627E1B18B2A000C2634A /* Main.storyboard */ = {
			isa = PBXVariantGroup;
			children = (
				50CE627F1B18B2A000C2634A /* Base */,
			);
			name = Main.storyboard;
			sourceTree = "<group>";
		};
		50CE62831B18B2A000C2634A /* LaunchScreen.xib */ = {
			isa = PBXVariantGroup;
			children = (
				50CE62841B18B2A000C2634A /* Base */,
			);
			name = LaunchScreen.xib;
			sourceTree = "<group>";
		};
/* End PBXVariantGroup section */

/* Begin XCBuildConfiguration section */
		50CE62921B18B2A000C2634A /* Debug */ = {
			isa = XCBuildConfiguration;
			buildSettings = {
				ALWAYS_SEARCH_USER_PATHS = NO;
				CLANG_CXX_LANGUAGE_STANDARD = "gnu++0x";
				CLANG_CXX_LIBRARY = "libc++";
				CLANG_ENABLE_MODULES = YES;
				CLANG_ENABLE_OBJC_ARC = YES;
				CLANG_WARN_BOOL_CONVERSION = YES;
				CLANG_WARN_CONSTANT_CONVERSION = YES;
				CLANG_WARN_DIRECT_OBJC_ISA_USAGE = YES_ERROR;
				CLANG_WARN_EMPTY_BODY = YES;
				CLANG_WARN_ENUM_CONVERSION = YES;
				CLANG_WARN_INT_CONVERSION = YES;
				CLANG_WARN_OBJC_ROOT_CLASS = YES_ERROR;
				CLANG_WARN_UNREACHABLE_CODE = YES;
				CLANG_WARN__DUPLICATE_METHOD_MATCH = YES;
				"CODE_SIGN_IDENTITY[sdk=iphoneos*]" = "iPhone Developer";
				COPY_PHASE_STRIP = NO;
				DEBUG_INFORMATION_FORMAT = "dwarf-with-dsym";
				ENABLE_STRICT_OBJC_MSGSEND = YES;
				GCC_C_LANGUAGE_STANDARD = gnu99;
				GCC_DYNAMIC_NO_PIC = NO;
				GCC_NO_COMMON_BLOCKS = YES;
				GCC_OPTIMIZATION_LEVEL = 0;
				GCC_PREPROCESSOR_DEFINITIONS = (
					"DEBUG=1",
					"$(inherited)",
				);
				GCC_SYMBOLS_PRIVATE_EXTERN = NO;
				GCC_WARN_64_TO_32_BIT_CONVERSION = YES;
				GCC_WARN_ABOUT_RETURN_TYPE = YES_ERROR;
				GCC_WARN_UNDECLARED_SELECTOR = YES;
				GCC_WARN_UNINITIALIZED_AUTOS = YES_AGGRESSIVE;
				GCC_WARN_UNUSED_FUNCTION = YES;
				GCC_WARN_UNUSED_VARIABLE = YES;
				IPHONEOS_DEPLOYMENT_TARGET = 8.3;
				MTL_ENABLE_DEBUG_INFO = YES;
				ONLY_ACTIVE_ARCH = YES;
				SDKROOT = iphoneos;
				SWIFT_OPTIMIZATION_LEVEL = "-Onone";
			};
			name = Debug;
		};
		50CE62931B18B2A000C2634A /* Release */ = {
			isa = XCBuildConfiguration;
			buildSettings = {
				ALWAYS_SEARCH_USER_PATHS = NO;
				CLANG_CXX_LANGUAGE_STANDARD = "gnu++0x";
				CLANG_CXX_LIBRARY = "libc++";
				CLANG_ENABLE_MODULES = YES;
				CLANG_ENABLE_OBJC_ARC = YES;
				CLANG_WARN_BOOL_CONVERSION = YES;
				CLANG_WARN_CONSTANT_CONVERSION = YES;
				CLANG_WARN_DIRECT_OBJC_ISA_USAGE = YES_ERROR;
				CLANG_WARN_EMPTY_BODY = YES;
				CLANG_WARN_ENUM_CONVERSION = YES;
				CLANG_WARN_INT_CONVERSION = YES;
				CLANG_WARN_OBJC_ROOT_CLASS = YES_ERROR;
				CLANG_WARN_UNREACHABLE_CODE = YES;
				CLANG_WARN__DUPLICATE_METHOD_MATCH = YES;
				"CODE_SIGN_IDENTITY[sdk=iphoneos*]" = "iPhone Developer";
				COPY_PHASE_STRIP = NO;
				DEBUG_INFORMATION_FORMAT = "dwarf-with-dsym";
				ENABLE_NS_ASSERTIONS = NO;
				ENABLE_STRICT_OBJC_MSGSEND = YES;
				GCC_C_LANGUAGE_STANDARD = gnu99;
				GCC_NO_COMMON_BLOCKS = YES;
				GCC_WARN_64_TO_32_BIT_CONVERSION = YES;
				GCC_WARN_ABOUT_RETURN_TYPE = YES_ERROR;
				GCC_WARN_UNDECLARED_SELECTOR = YES;
				GCC_WARN_UNINITIALIZED_AUTOS = YES_AGGRESSIVE;
				GCC_WARN_UNUSED_FUNCTION = YES;
				GCC_WARN_UNUSED_VARIABLE = YES;
				IPHONEOS_DEPLOYMENT_TARGET = 8.3;
				MTL_ENABLE_DEBUG_INFO = NO;
				SDKROOT = iphoneos;
				VALIDATE_PRODUCT = YES;
			};
			name = Release;
		};
		50CE62951B18B2A000C2634A /* Debug */ = {
			isa = XCBuildConfiguration;
			buildSettings = {
				ASSETCATALOG_COMPILER_APPICON_NAME = AppIcon;
				INFOPLIST_FILE = CragDrag/Info.plist;
				LD_RUNPATH_SEARCH_PATHS = "$(inherited) @executable_path/Frameworks";
				PRODUCT_NAME = "$(TARGET_NAME)";
			};
			name = Debug;
		};
		50CE62961B18B2A000C2634A /* Release */ = {
			isa = XCBuildConfiguration;
			buildSettings = {
				ASSETCATALOG_COMPILER_APPICON_NAME = AppIcon;
				INFOPLIST_FILE = CragDrag/Info.plist;
				LD_RUNPATH_SEARCH_PATHS = "$(inherited) @executable_path/Frameworks";
				PRODUCT_NAME = "$(TARGET_NAME)";
			};
			name = Release;
		};
		50CE62981B18B2A000C2634A /* Debug */ = {
			isa = XCBuildConfiguration;
			buildSettings = {
				BUNDLE_LOADER = "$(TEST_HOST)";
				FRAMEWORK_SEARCH_PATHS = (
					"$(SDKROOT)/Developer/Library/Frameworks",
					"$(inherited)",
				);
				GCC_PREPROCESSOR_DEFINITIONS = (
					"DEBUG=1",
					"$(inherited)",
				);
				INFOPLIST_FILE = CragDragTests/Info.plist;
				LD_RUNPATH_SEARCH_PATHS = "$(inherited) @executable_path/Frameworks @loader_path/Frameworks";
				PRODUCT_NAME = "$(TARGET_NAME)";
				TEST_HOST = "$(BUILT_PRODUCTS_DIR)/CragDrag.app/CragDrag";
			};
			name = Debug;
		};
		50CE62991B18B2A000C2634A /* Release */ = {
			isa = XCBuildConfiguration;
			buildSettings = {
				BUNDLE_LOADER = "$(TEST_HOST)";
				FRAMEWORK_SEARCH_PATHS = (
					"$(SDKROOT)/Developer/Library/Frameworks",
					"$(inherited)",
				);
				INFOPLIST_FILE = CragDragTests/Info.plist;
				LD_RUNPATH_SEARCH_PATHS = "$(inherited) @executable_path/Frameworks @loader_path/Frameworks";
				PRODUCT_NAME = "$(TARGET_NAME)";
				TEST_HOST = "$(BUILT_PRODUCTS_DIR)/CragDrag.app/CragDrag";
			};
			name = Release;
		};
/* End XCBuildConfiguration section */

/* Begin XCConfigurationList section */
		50CE62701B18B2A000C2634A /* Build configuration list for PBXProject "CragDrag" */ = {
			isa = XCConfigurationList;
			buildConfigurations = (
				50CE62921B18B2A000C2634A /* Debug */,
				50CE62931B18B2A000C2634A /* Release */,
			);
			defaultConfigurationIsVisible = 0;
			defaultConfigurationName = Release;
		};
		50CE62941B18B2A000C2634A /* Build configuration list for PBXNativeTarget "CragDrag" */ = {
			isa = XCConfigurationList;
			buildConfigurations = (
				50CE62951B18B2A000C2634A /* Debug */,
				50CE62961B18B2A000C2634A /* Release */,
			);
			defaultConfigurationIsVisible = 0;
			defaultConfigurationName = Release;
		};
		50CE62971B18B2A000C2634A /* Build configuration list for PBXNativeTarget "CragDragTests" */ = {
			isa = XCConfigurationList;
			buildConfigurations = (
				50CE62981B18B2A000C2634A /* Debug */,
				50CE62991B18B2A000C2634A /* Release */,
			);
			defaultConfigurationIsVisible = 0;
			defaultConfigurationName = Release;
		};
/* End XCConfigurationList section */
	};
	rootObject = 50CE626D1B18B2A000C2634A /* Project object */;
}
