// !$*UTF8*$!
{
	archiveVersion = 1;
	classes = {
	};
	objectVersion = 46;
	objects = {

/* Begin PBXBuildFile section */
		8C4D97B416DDA7FE007ACCE0 /* tableCell_bottom_tapped.png in Resources */ = {isa = PBXBuildFile; fileRef = 8C4D97AB16DDA7FE007ACCE0 /* tableCell_bottom_tapped.png */; };
		8C4D97B516DDA7FE007ACCE0 /* tableCell_bottom.png in Resources */ = {isa = PBXBuildFile; fileRef = 8C4D97AC16DDA7FE007ACCE0 /* tableCell_bottom.png */; };
		8C4D97B616DDA7FE007ACCE0 /* tableCell_common_tapped.png in Resources */ = {isa = PBXBuildFile; fileRef = 8C4D97AD16DDA7FE007ACCE0 /* tableCell_common_tapped.png */; };
		8C4D97B716DDA7FE007ACCE0 /* tableCell_common.png in Resources */ = {isa = PBXBuildFile; fileRef = 8C4D97AE16DDA7FE007ACCE0 /* tableCell_common.png */; };
		8C4D97B816DDA7FE007ACCE0 /* tableCell_head_tapped.png in Resources */ = {isa = PBXBuildFile; fileRef = 8C4D97AF16DDA7FE007ACCE0 /* tableCell_head_tapped.png */; };
		8C4D97B916DDA7FE007ACCE0 /* tableCell_head.png in Resources */ = {isa = PBXBuildFile; fileRef = 8C4D97B016DDA7FE007ACCE0 /* tableCell_head.png */; };
		8C4D97BA16DDA7FE007ACCE0 /* tableCell_single_tapped.png in Resources */ = {isa = PBXBuildFile; fileRef = 8C4D97B116DDA7FE007ACCE0 /* tableCell_single_tapped.png */; };
		8C4D97BB16DDA7FE007ACCE0 /* tableCell_single.png in Resources */ = {isa = PBXBuildFile; fileRef = 8C4D97B216DDA7FE007ACCE0 /* tableCell_single.png */; };
		8C4D97BC16DDA7FE007ACCE0 /* tableCell_top.png in Resources */ = {isa = PBXBuildFile; fileRef = 8C4D97B316DDA7FE007ACCE0 /* tableCell_top.png */; };
		8CAB584E16D9F7CC00DACE6A /* UIKit.framework in Frameworks */ = {isa = PBXBuildFile; fileRef = 8CAB584D16D9F7CC00DACE6A /* UIKit.framework */; };
		8CAB585016D9F7CC00DACE6A /* Foundation.framework in Frameworks */ = {isa = PBXBuildFile; fileRef = 8CAB584F16D9F7CC00DACE6A /* Foundation.framework */; };
		8CAB585216D9F7CC00DACE6A /* CoreGraphics.framework in Frameworks */ = {isa = PBXBuildFile; fileRef = 8CAB585116D9F7CC00DACE6A /* CoreGraphics.framework */; };
		8CAB585816D9F7CC00DACE6A /* InfoPlist.strings in Resources */ = {isa = PBXBuildFile; fileRef = 8CAB585616D9F7CC00DACE6A /* InfoPlist.strings */; };
		8CAB585A16D9F7CC00DACE6A /* main.m in Sources */ = {isa = PBXBuildFile; fileRef = 8CAB585916D9F7CC00DACE6A /* main.m */; };
		8CAB585E16D9F7CD00DACE6A /* AppDelegate.m in Sources */ = {isa = PBXBuildFile; fileRef = 8CAB585D16D9F7CD00DACE6A /* AppDelegate.m */; };
		8CAB586016D9F7CD00DACE6A /* Default.png in Resources */ = {isa = PBXBuildFile; fileRef = 8CAB585F16D9F7CD00DACE6A /* Default.png */; };
		8CAB586216D9F7CD00DACE6A /* Default@2x.png in Resources */ = {isa = PBXBuildFile; fileRef = 8CAB586116D9F7CD00DACE6A /* Default@2x.png */; };
		8CAB586416D9F7CD00DACE6A /* Default-568h@2x.png in Resources */ = {isa = PBXBuildFile; fileRef = 8CAB586316D9F7CD00DACE6A /* Default-568h@2x.png */; };
		8CAB586C16D9F7F200DACE6A /* RootViewController.m in Sources */ = {isa = PBXBuildFile; fileRef = 8CAB586B16D9F7F200DACE6A /* RootViewController.m */; };
		8CAB587216DA012200DACE6A /* IMG_0410.PNG in Resources */ = {isa = PBXBuildFile; fileRef = 8CAB587116DA012200DACE6A /* IMG_0410.PNG */; };
		8CAB587A16DA139F00DACE6A /* DetailViewController.m in Sources */ = {isa = PBXBuildFile; fileRef = 8CAB587916DA139F00DACE6A /* DetailViewController.m */; };
/* End PBXBuildFile section */

/* Begin PBXFileReference section */
		8C4D97AB16DDA7FE007ACCE0 /* tableCell_bottom_tapped.png */ = {isa = PBXFileReference; lastKnownFileType = image.png; path = tableCell_bottom_tapped.png; sourceTree = "<group>"; };
		8C4D97AC16DDA7FE007ACCE0 /* tableCell_bottom.png */ = {isa = PBXFileReference; lastKnownFileType = image.png; path = tableCell_bottom.png; sourceTree = "<group>"; };
		8C4D97AD16DDA7FE007ACCE0 /* tableCell_common_tapped.png */ = {isa = PBXFileReference; lastKnownFileType = image.png; path = tableCell_common_tapped.png; sourceTree = "<group>"; };
		8C4D97AE16DDA7FE007ACCE0 /* tableCell_common.png */ = {isa = PBXFileReference; lastKnownFileType = image.png; path = tableCell_common.png; sourceTree = "<group>"; };
		8C4D97AF16DDA7FE007ACCE0 /* tableCell_head_tapped.png */ = {isa = PBXFileReference; lastKnownFileType = image.png; path = tableCell_head_tapped.png; sourceTree = "<group>"; };
		8C4D97B016DDA7FE007ACCE0 /* tableCell_head.png */ = {isa = PBXFileReference; lastKnownFileType = image.png; path = tableCell_head.png; sourceTree = "<group>"; };
		8C4D97B116DDA7FE007ACCE0 /* tableCell_single_tapped.png */ = {isa = PBXFileReference; lastKnownFileType = image.png; path = tableCell_single_tapped.png; sourceTree = "<group>"; };
		8C4D97B216DDA7FE007ACCE0 /* tableCell_single.png */ = {isa = PBXFileReference; lastKnownFileType = image.png; path = tableCell_single.png; sourceTree = "<group>"; };
		8C4D97B316DDA7FE007ACCE0 /* tableCell_top.png */ = {isa = PBXFileReference; lastKnownFileType = image.png; path = tableCell_top.png; sourceTree = "<group>"; };
		8CAB584916D9F7CC00DACE6A /* 1.FontTableViewDemo.app */ = {isa = PBXFileReference; explicitFileType = wrapper.application; includeInIndex = 0; path = 1.FontTableViewDemo.app; sourceTree = BUILT_PRODUCTS_DIR; };
		8CAB584D16D9F7CC00DACE6A /* UIKit.framework */ = {isa = PBXFileReference; lastKnownFileType = wrapper.framework; name = UIKit.framework; path = System/Library/Frameworks/UIKit.framework; sourceTree = SDKROOT; };
		8CAB584F16D9F7CC00DACE6A /* Foundation.framework */ = {isa = PBXFileReference; lastKnownFileType = wrapper.framework; name = Foundation.framework; path = System/Library/Frameworks/Foundation.framework; sourceTree = SDKROOT; };
		8CAB585116D9F7CC00DACE6A /* CoreGraphics.framework */ = {isa = PBXFileReference; lastKnownFileType = wrapper.framework; name = CoreGraphics.framework; path = System/Library/Frameworks/CoreGraphics.framework; sourceTree = SDKROOT; };
		8CAB585516D9F7CC00DACE6A /* 1.FontTableViewDemo-Info.plist */ = {isa = PBXFileReference; lastKnownFileType = text.plist.xml; path = "1.FontTableViewDemo-Info.plist"; sourceTree = "<group>"; };
		8CAB585716D9F7CC00DACE6A /* en */ = {isa = PBXFileReference; lastKnownFileType = text.plist.strings; name = en; path = en.lproj/InfoPlist.strings; sourceTree = "<group>"; };
		8CAB585916D9F7CC00DACE6A /* main.m */ = {isa = PBXFileReference; lastKnownFileType = sourcecode.c.objc; path = main.m; sourceTree = "<group>"; };
		8CAB585B16D9F7CD00DACE6A /* 1.FontTableViewDemo-Prefix.pch */ = {isa = PBXFileReference; lastKnownFileType = sourcecode.c.h; path = "1.FontTableViewDemo-Prefix.pch"; sourceTree = "<group>"; };
		8CAB585C16D9F7CD00DACE6A /* AppDelegate.h */ = {isa = PBXFileReference; lastKnownFileType = sourcecode.c.h; path = AppDelegate.h; sourceTree = "<group>"; };
		8CAB585D16D9F7CD00DACE6A /* AppDelegate.m */ = {isa = PBXFileReference; lastKnownFileType = sourcecode.c.objc; path = AppDelegate.m; sourceTree = "<group>"; };
		8CAB585F16D9F7CD00DACE6A /* Default.png */ = {isa = PBXFileReference; lastKnownFileType = image.png; path = Default.png; sourceTree = "<group>"; };
		8CAB586116D9F7CD00DACE6A /* Default@2x.png */ = {isa = PBXFileReference; lastKnownFileType = image.png; path = "Default@2x.png"; sourceTree = "<group>"; };
		8CAB586316D9F7CD00DACE6A /* Default-568h@2x.png */ = {isa = PBXFileReference; lastKnownFileType = image.png; path = "Default-568h@2x.png"; sourceTree = "<group>"; };
		8CAB586A16D9F7F200DACE6A /* RootViewController.h */ = {isa = PBXFileReference; fileEncoding = 4; lastKnownFileType = sourcecode.c.h; path = RootViewController.h; sourceTree = "<group>"; };
		8CAB586B16D9F7F200DACE6A /* RootViewController.m */ = {isa = PBXFileReference; fileEncoding = 4; lastKnownFileType = sourcecode.c.objc; path = RootViewController.m; sourceTree = "<group>"; };
		8CAB587116DA012200DACE6A /* IMG_0410.PNG */ = {isa = PBXFileReference; lastKnownFileType = image.png; path = IMG_0410.PNG; sourceTree = "<group>"; };
		8CAB587816DA139F00DACE6A /* DetailViewController.h */ = {isa = PBXFileReference; fileEncoding = 4; lastKnownFileType = sourcecode.c.h; path = DetailViewController.h; sourceTree = "<group>"; };
		8CAB587916DA139F00DACE6A /* DetailViewController.m */ = {isa = PBXFileReference; fileEncoding = 4; lastKnownFileType = sourcecode.c.objc; path = DetailViewController.m; sourceTree = "<group>"; };
/* End PBXFileReference section */

/* Begin PBXFrameworksBuildPhase section */
		8CAB584616D9F7CC00DACE6A /* Frameworks */ = {
			isa = PBXFrameworksBuildPhase;
			buildActionMask = 2147483647;
			files = (
				8CAB584E16D9F7CC00DACE6A /* UIKit.framework in Frameworks */,
				8CAB585016D9F7CC00DACE6A /* Foundation.framework in Frameworks */,
				8CAB585216D9F7CC00DACE6A /* CoreGraphics.framework in Frameworks */,
			);
			runOnlyForDeploymentPostprocessing = 0;
		};
/* End PBXFrameworksBuildPhase section */

/* Begin PBXGroup section */
		8CAB583E16D9F7CC00DACE6A = {
			isa = PBXGroup;
			children = (
				8CAB585316D9F7CC00DACE6A /* 1.FontTableViewDemo */,
				8CAB584C16D9F7CC00DACE6A /* Frameworks */,
				8CAB584A16D9F7CC00DACE6A /* Products */,
			);
			sourceTree = "<group>";
		};
		8CAB584A16D9F7CC00DACE6A /* Products */ = {
			isa = PBXGroup;
			children = (
				8CAB584916D9F7CC00DACE6A /* 1.FontTableViewDemo.app */,
			);
			name = Products;
			sourceTree = "<group>";
		};
		8CAB584C16D9F7CC00DACE6A /* Frameworks */ = {
			isa = PBXGroup;
			children = (
				8CAB584D16D9F7CC00DACE6A /* UIKit.framework */,
				8CAB584F16D9F7CC00DACE6A /* Foundation.framework */,
				8CAB585116D9F7CC00DACE6A /* CoreGraphics.framework */,
			);
			name = Frameworks;
			sourceTree = "<group>";
		};
		8CAB585316D9F7CC00DACE6A /* 1.FontTableViewDemo */ = {
			isa = PBXGroup;
			children = (
				8CAB585C16D9F7CD00DACE6A /* AppDelegate.h */,
				8CAB585D16D9F7CD00DACE6A /* AppDelegate.m */,
				8CAB586A16D9F7F200DACE6A /* RootViewController.h */,
				8CAB586B16D9F7F200DACE6A /* RootViewController.m */,
				8CAB587816DA139F00DACE6A /* DetailViewController.h */,
				8CAB587916DA139F00DACE6A /* DetailViewController.m */,
				8CAB585416D9F7CC00DACE6A /* Supporting Files */,
			);
			path = 1.FontTableViewDemo;
			sourceTree = "<group>";
		};
		8CAB585416D9F7CC00DACE6A /* Supporting Files */ = {
			isa = PBXGroup;
			children = (
				8C4D97AB16DDA7FE007ACCE0 /* tableCell_bottom_tapped.png */,
				8C4D97AC16DDA7FE007ACCE0 /* tableCell_bottom.png */,
				8C4D97AD16DDA7FE007ACCE0 /* tableCell_common_tapped.png */,
				8C4D97AE16DDA7FE007ACCE0 /* tableCell_common.png */,
				8C4D97AF16DDA7FE007ACCE0 /* tableCell_head_tapped.png */,
				8C4D97B016DDA7FE007ACCE0 /* tableCell_head.png */,
				8C4D97B116DDA7FE007ACCE0 /* tableCell_single_tapped.png */,
				8C4D97B216DDA7FE007ACCE0 /* tableCell_single.png */,
				8C4D97B316DDA7FE007ACCE0 /* tableCell_top.png */,
				8CAB587116DA012200DACE6A /* IMG_0410.PNG */,
				8CAB585516D9F7CC00DACE6A /* 1.FontTableViewDemo-Info.plist */,
				8CAB585616D9F7CC00DACE6A /* InfoPlist.strings */,
				8CAB585916D9F7CC00DACE6A /* main.m */,
				8CAB585B16D9F7CD00DACE6A /* 1.FontTableViewDemo-Prefix.pch */,
				8CAB585F16D9F7CD00DACE6A /* Default.png */,
				8CAB586116D9F7CD00DACE6A /* Default@2x.png */,
				8CAB586316D9F7CD00DACE6A /* Default-568h@2x.png */,
			);
			name = "Supporting Files";
			sourceTree = "<group>";
		};
/* End PBXGroup section */

/* Begin PBXNativeTarget section */
		8CAB584816D9F7CC00DACE6A /* 1.FontTableViewDemo */ = {
			isa = PBXNativeTarget;
			buildConfigurationList = 8CAB586716D9F7CD00DACE6A /* Build configuration list for PBXNativeTarget "1.FontTableViewDemo" */;
			buildPhases = (
				8CAB584516D9F7CC00DACE6A /* Sources */,
				8CAB584616D9F7CC00DACE6A /* Frameworks */,
				8CAB584716D9F7CC00DACE6A /* Resources */,
			);
			buildRules = (
			);
			dependencies = (
			);
			name = 1.FontTableViewDemo;
			productName = 1.FontTableViewDemo;
			productReference = 8CAB584916D9F7CC00DACE6A /* 1.FontTableViewDemo.app */;
			productType = "com.apple.product-type.application";
		};
/* End PBXNativeTarget section */

/* Begin PBXProject section */
		8CAB584016D9F7CC00DACE6A /* Project object */ = {
			isa = PBXProject;
			attributes = {
				LastUpgradeCheck = 0450;
				ORGANIZATIONNAME = "www.iphonetrain.com 无限互联3G开发培训中心";
			};
			buildConfigurationList = 8CAB584316D9F7CC00DACE6A /* Build configuration list for PBXProject "1.FontTableViewDemo" */;
			compatibilityVersion = "Xcode 3.2";
			developmentRegion = English;
			hasScannedForEncodings = 0;
			knownRegions = (
				en,
			);
			mainGroup = 8CAB583E16D9F7CC00DACE6A;
			productRefGroup = 8CAB584A16D9F7CC00DACE6A /* Products */;
			projectDirPath = "";
			projectRoot = "";
			targets = (
				8CAB584816D9F7CC00DACE6A /* 1.FontTableViewDemo */,
			);
		};
/* End PBXProject section */

/* Begin PBXResourcesBuildPhase section */
		8CAB584716D9F7CC00DACE6A /* Resources */ = {
			isa = PBXResourcesBuildPhase;
			buildActionMask = 2147483647;
			files = (
				8CAB585816D9F7CC00DACE6A /* InfoPlist.strings in Resources */,
				8CAB586016D9F7CD00DACE6A /* Default.png in Resources */,
				8CAB586216D9F7CD00DACE6A /* Default@2x.png in Resources */,
				8CAB586416D9F7CD00DACE6A /* Default-568h@2x.png in Resources */,
				8CAB587216DA012200DACE6A /* IMG_0410.PNG in Resources */,
				8C4D97B416DDA7FE007ACCE0 /* tableCell_bottom_tapped.png in Resources */,
				8C4D97B516DDA7FE007ACCE0 /* tableCell_bottom.png in Resources */,
				8C4D97B616DDA7FE007ACCE0 /* tableCell_common_tapped.png in Resources */,
				8C4D97B716DDA7FE007ACCE0 /* tableCell_common.png in Resources */,
				8C4D97B816DDA7FE007ACCE0 /* tableCell_head_tapped.png in Resources */,
				8C4D97B916DDA7FE007ACCE0 /* tableCell_head.png in Resources */,
				8C4D97BA16DDA7FE007ACCE0 /* tableCell_single_tapped.png in Resources */,
				8C4D97BB16DDA7FE007ACCE0 /* tableCell_single.png in Resources */,
				8C4D97BC16DDA7FE007ACCE0 /* tableCell_top.png in Resources */,
			);
			runOnlyForDeploymentPostprocessing = 0;
		};
/* End PBXResourcesBuildPhase section */

/* Begin PBXSourcesBuildPhase section */
		8CAB584516D9F7CC00DACE6A /* Sources */ = {
			isa = PBXSourcesBuildPhase;
			buildActionMask = 2147483647;
			files = (
				8CAB585A16D9F7CC00DACE6A /* main.m in Sources */,
				8CAB585E16D9F7CD00DACE6A /* AppDelegate.m in Sources */,
				8CAB586C16D9F7F200DACE6A /* RootViewController.m in Sources */,
				8CAB587A16DA139F00DACE6A /* DetailViewController.m in Sources */,
			);
			runOnlyForDeploymentPostprocessing = 0;
		};
/* End PBXSourcesBuildPhase section */

/* Begin PBXVariantGroup section */
		8CAB585616D9F7CC00DACE6A /* InfoPlist.strings */ = {
			isa = PBXVariantGroup;
			children = (
				8CAB585716D9F7CC00DACE6A /* en */,
			);
			name = InfoPlist.strings;
			sourceTree = "<group>";
		};
/* End PBXVariantGroup section */

/* Begin XCBuildConfiguration section */
		8CAB586516D9F7CD00DACE6A /* Debug */ = {
			isa = XCBuildConfiguration;
			buildSettings = {
				ALWAYS_SEARCH_USER_PATHS = NO;
				CLANG_CXX_LANGUAGE_STANDARD = "gnu++0x";
				CLANG_CXX_LIBRARY = "libc++";
				CLANG_WARN_EMPTY_BODY = YES;
				CLANG_WARN__DUPLICATE_METHOD_MATCH = YES;
				"CODE_SIGN_IDENTITY[sdk=iphoneos*]" = "iPhone Developer";
				COPY_PHASE_STRIP = NO;
				GCC_C_LANGUAGE_STANDARD = gnu99;
				GCC_DYNAMIC_NO_PIC = NO;
				GCC_OPTIMIZATION_LEVEL = 0;
				GCC_PREPROCESSOR_DEFINITIONS = (
					"DEBUG=1",
					"$(inherited)",
				);
				GCC_SYMBOLS_PRIVATE_EXTERN = NO;
				GCC_WARN_ABOUT_RETURN_TYPE = YES;
				GCC_WARN_UNINITIALIZED_AUTOS = YES;
				GCC_WARN_UNUSED_VARIABLE = YES;
				IPHONEOS_DEPLOYMENT_TARGET = 6.0;
				SDKROOT = iphoneos;
			};
			name = Debug;
		};
		8CAB586616D9F7CD00DACE6A /* Release */ = {
			isa = XCBuildConfiguration;
			buildSettings = {
				ALWAYS_SEARCH_USER_PATHS = NO;
				CLANG_CXX_LANGUAGE_STANDARD = "gnu++0x";
				CLANG_CXX_LIBRARY = "libc++";
				CLANG_WARN_EMPTY_BODY = YES;
				CLANG_WARN__DUPLICATE_METHOD_MATCH = YES;
				"CODE_SIGN_IDENTITY[sdk=iphoneos*]" = "iPhone Developer";
				COPY_PHASE_STRIP = YES;
				GCC_C_LANGUAGE_STANDARD = gnu99;
				GCC_WARN_ABOUT_RETURN_TYPE = YES;
				GCC_WARN_UNINITIALIZED_AUTOS = YES;
				GCC_WARN_UNUSED_VARIABLE = YES;
				IPHONEOS_DEPLOYMENT_TARGET = 6.0;
				OTHER_CFLAGS = "-DNS_BLOCK_ASSERTIONS=1";
				SDKROOT = iphoneos;
				VALIDATE_PRODUCT = YES;
			};
			name = Release;
		};
		8CAB586816D9F7CD00DACE6A /* Debug */ = {
			isa = XCBuildConfiguration;
			buildSettings = {
				GCC_PRECOMPILE_PREFIX_HEADER = YES;
				GCC_PREFIX_HEADER = "1.FontTableViewDemo/1.FontTableViewDemo-Prefix.pch";
				INFOPLIST_FILE = "1.FontTableViewDemo/1.FontTableViewDemo-Info.plist";
				PRODUCT_NAME = "$(TARGET_NAME)";
				WRAPPER_EXTENSION = app;
			};
			name = Debug;
		};
		8CAB586916D9F7CD00DACE6A /* Release */ = {
			isa = XCBuildConfiguration;
			buildSettings = {
				GCC_PRECOMPILE_PREFIX_HEADER = YES;
				GCC_PREFIX_HEADER = "1.FontTableViewDemo/1.FontTableViewDemo-Prefix.pch";
				INFOPLIST_FILE = "1.FontTableViewDemo/1.FontTableViewDemo-Info.plist";
				PRODUCT_NAME = "$(TARGET_NAME)";
				WRAPPER_EXTENSION = app;
			};
			name = Release;
		};
/* End XCBuildConfiguration section */

/* Begin XCConfigurationList section */
		8CAB584316D9F7CC00DACE6A /* Build configuration list for PBXProject "1.FontTableViewDemo" */ = {
			isa = XCConfigurationList;
			buildConfigurations = (
				8CAB586516D9F7CD00DACE6A /* Debug */,
				8CAB586616D9F7CD00DACE6A /* Release */,
			);
			defaultConfigurationIsVisible = 0;
			defaultConfigurationName = Release;
		};
		8CAB586716D9F7CD00DACE6A /* Build configuration list for PBXNativeTarget "1.FontTableViewDemo" */ = {
			isa = XCConfigurationList;
			buildConfigurations = (
				8CAB586816D9F7CD00DACE6A /* Debug */,
				8CAB586916D9F7CD00DACE6A /* Release */,
			);
			defaultConfigurationIsVisible = 0;
			defaultConfigurationName = Release;
		};
/* End XCConfigurationList section */
	};
	rootObject = 8CAB584016D9F7CC00DACE6A /* Project object */;
}
